# docs-dev/citations.lock — 文档出处引用的内容锚点
#
# 由 scripts/check-citation-drift.py 生成。每条引用记录的是【被引行的内容摘要】,
# 不是行号是否越界 —— 代码被编辑后行号还在、内容已经不是当初那段, 就是这里要抓的漂移。
#
# 格式 (每条两行):
#   <被引文件>:<行范围>  <SHA-256 前12位>  lines=<行数>
#     <- <引用它的文档位置>, ...  :: <被引范围内首个非空行的前 60 字符>
#
# 摘要算法: 取该行范围, 逐行去掉首尾空白, 用换行连接, 取 SHA-256 前 12 位。
# (纯缩进调整不报警; 任何实质内容变化都会变哈希。)
#
# 默认模式只校验、不写这个文件。要接受一次真实变化, 显式跑:
#   python3 scripts/check-citation-drift.py --update

apps/extension/.gitignore:11  6ef40595ec0a  lines=1
  <- docs-dev/install.md:306  :: .output
apps/extension/entrypoints/background.ts:178-180  36c85931504a  lines=3
  <- docs-dev/threat-model.md:331  :: // ADR-002: the dedupe axis is the ACCOUNT. `sessionId` gua…
apps/extension/entrypoints/background.ts:196-199  fdc4e3233a3a  lines=4
  <- docs-dev/privacy.md:256, docs-dev/threat-model.md:110  :: raw: {
apps/extension/entrypoints/background.ts:274-276  66920853936e  lines=3
  <- docs-dev/privacy.md:326  :: const recordArrival = async (newlyStored: boolean): Promise…
apps/extension/entrypoints/background.ts:295  73dcc2a4f27a  lines=1
  <- docs-dev/privacy.md:326  :: await recordArrival(false);
apps/extension/entrypoints/background.ts:306-323  41d87a302a6d  lines=18
  <- docs-dev/privacy.md:131, docs-dev/threat-model.md:34  :: // 🔴 ADR-025 §10 · **write-ahead**: get it into the outbox …
apps/extension/entrypoints/background.ts:365  dd1ea05b0312  lines=1
  <- docs-dev/privacy.md:326  :: await recordArrival(true);
apps/extension/entrypoints/background.ts:636-643  185eedd6b024  lines=8
  <- docs-dev/install.md:346  :: export async function hostStatusForPopup(): Promise<HostSta…
apps/extension/entrypoints/background.ts:850-852  838c17e1ba12  lines=3
  <- docs-dev/install.md:121  :: * 🔴 transportWired is not a static flag but the result of *…
apps/extension/entrypoints/background.ts:922-952  e6c80301633c  lines=31
  <- docs-dev/privacy.md:421  :: /**
apps/extension/entrypoints/background.ts:1098-1158  98f08dc581d5  lines=61
  <- docs-dev/privacy.md:370, docs-dev/privacy.md:393, docs-dev/threat-model.md:652  :: export async function scopeRetryDue(
apps/extension/entrypoints/background.ts:1289-1363  dc1702283c38  lines=75
  <- docs-dev/privacy.md:370  :: * 🔴 C33 · The registration entry point for **explicit infor…
apps/extension/entrypoints/background.ts:1376-1419  fda982ba64df  lines=44
  <- docs-dev/privacy.md:357  :: export function backfillTargetFor(
apps/extension/entrypoints/background.ts:1419  6539997ed831  lines=1
  <- docs-dev/privacy.md:359  :: return { platform: row.id, origin, scope: identity.value ||…
apps/extension/entrypoints/background.ts:1613-1694  e14e2bd83366  lines=82
  <- docs-dev/install.md:919, docs-dev/privacy.md:409, docs-dev/privacy.md:425  :: async function resolveScopeForTick(
apps/extension/entrypoints/background.ts:2162-2232  3e110a9625a7  lines=71
  <- docs-dev/privacy.md:323, docs-dev/privacy.md:323  :: async function recordAlarmTick(
apps/extension/entrypoints/background.ts:2466-2540  add884d9db90  lines=75
  <- docs-dev/privacy.md:324, docs-dev/privacy.md:324  :: if (message?.type === HOOK_STATUS_MESSAGE && !isHookStatusM…
apps/extension/entrypoints/dw-bridge.content.ts:450-456  ff11500827ff  lines=7
  <- docs-dev/privacy.md:124  :: function readKimiAccessToken(): string | null {
apps/extension/entrypoints/dw-bridge.content.ts:613-639  c4f63f6e72e7  lines=27
  <- docs-dev/privacy.md:103, docs-dev/privacy.md:227, docs-dev/threat-model.md:267  :: const seenGate = createSeenGate(15_000);
apps/extension/entrypoints/dw-fetch-main.content.ts:13-15  0a41796be631  lines=3
  <- docs-dev/threat-model.md:232  :: matches: CONTENT_MATCHES,
apps/extension/lib/account-fingerprint.ts:50  a0defe815627  lines=1
  <- docs-dev/privacy.md:322  :: export const ACCOUNT_SALT_KEY = 'cs_account_salt_v1';
apps/extension/lib/account-fingerprint.ts:153-188  c3504f1537c2  lines=36
  <- docs-dev/privacy.md:322, docs-dev/threat-model.md:338  :: export async function loadOrCreateAccountSalt(
apps/extension/lib/account-fingerprint.ts:195-219  0438c93fd9eb  lines=25
  <- docs-dev/threat-model.md:339  :: export async function fingerprintAccountId(
apps/extension/lib/account-fingerprint.ts:298-317  6d85675d2fcd  lines=20
  <- docs-dev/privacy.md:261  :: export async function accountFingerprintFor(
apps/extension/lib/backfill/alarm.ts:16-18  96f2d93f9819  lines=3
  <- docs-dev/privacy.md:635  :: * In Chrome's permission-warning list, `alarms` — like `sto…
apps/extension/lib/backfill/alarm.ts:99-100  8ec0655980dd  lines=2
  <- docs-dev/install.md:865  :: export const BACKFILL_TICK_DELAY_MIN_MINUTES = 5;
apps/extension/lib/backfill/alarm.ts:220  b9377ab9524d  lines=1
  <- docs-dev/privacy.md:317  :: export const BACKFILL_TARGETS_KEY = 'cs_backfill_targets_v1…
apps/extension/lib/backfill/alarm.ts:810-849  07c68e15fdf2  lines=40
  <- docs-dev/privacy.md:317  :: /**
apps/extension/lib/backfill/alarm.ts:860-1025  9f82be77b686  lines=166
  <- docs-dev/privacy.md:318  :: /** The receipt of seats the `MAX_TARGET_ENTRIES` cap has t…
apps/extension/lib/backfill/alarm.ts:1091-1101  99c311cb026d  lines=11
  <- docs-dev/privacy.md:432  :: export async function forgetTarget(
apps/extension/lib/backfill/alarm.ts:1103-1205  d8f97d12ea24  lines=103
  <- docs-dev/privacy.md:424  :: /**
apps/extension/lib/backfill/alarm.ts:1543-1645  0ec9970a66d5  lines=103
  <- docs-dev/privacy.md:323  :: /**
apps/extension/lib/backfill/alarm.ts:1648-1727  a89fbce85bd2  lines=80
  <- docs-dev/privacy.md:323  :: export interface BackfillTickRecord {
apps/extension/lib/backfill/claude-org.ts:4-11  f60f99b18b0d  lines=8
  <- docs-dev/privacy.md:374  :: * ## Why this module exists at all
apps/extension/lib/backfill/claude-org.ts:110-136  13f59996d45c  lines=27
  <- docs-dev/privacy.md:420  :: /**
apps/extension/lib/backfill/claude-org.ts:211-265  042cd322b76d  lines=55
  <- docs-dev/privacy.md:392, docs-dev/threat-model.md:305, docs-dev/threat-model.md:639  :: export function resolveClaudeOrg(input: OrgResolutionInput)…
apps/extension/lib/backfill/claude-page.ts:70-148  7b47223efd7e  lines=79
  <- docs-dev/install.md:912, docs-dev/privacy.md:386, docs-dev/threat-model.md:651  :: export function createClaudePageScope(deps: ClaudePageScope…
apps/extension/lib/backfill/claude-page.ts:96-107  584c9ab14ea0  lines=12
  <- docs-dev/privacy.md:381  :: const fetchOrganizations = async (): Promise<string> => {
apps/extension/lib/backfill/debt-store.ts:27-36  ef73c4e7faec  lines=10
  <- docs-dev/privacy.md:319  :: * 🔴 **W45 · The key is `(platform, scope, id)`, and it used…
apps/extension/lib/backfill/debt-store.ts:109-128  c2b9b363b155  lines=20
  <- docs-dev/privacy.md:319  :: export const BACKFILL_DB_VERSION = 2;
apps/extension/lib/backfill/engine.ts:136-139  5cfeee9f2531  lines=4
  <- docs-dev/privacy.md:476, docs-dev/threat-model.md:62  :: /** The default port: it blows up on purpose. Not wired ⇒ n…
apps/extension/lib/backfill/engine.ts:1623-1635  026d25c05d0a  lines=13
  <- docs-dev/privacy.md:402  :: if (plan.scopeInPath && (
apps/extension/lib/backfill/engine.ts:1769-1778  67d65ac96649  lines=10
  <- docs-dev/threat-model.md:232, docs-dev/threat-model.md:290  :: /**
apps/extension/lib/backfill/engine.ts:1836-1916  7254a42550d4  lines=81
  <- docs-dev/install.md:1006, docs-dev/privacy.md:607, docs-dev/threat-model.md:303  :: /**
apps/extension/lib/backfill/engine.ts:2300-2318  5aec5b245dbd  lines=19
  <- docs-dev/privacy.md:470  :: * 🔴 W31 · The scope reaches the body URL exactly as it reac…
apps/extension/lib/backfill/engine.ts:2311-2315  88b6e1017f2f  lines=5
  <- docs-dev/threat-model.md:232, docs-dev/threat-model.md:290  :: const init = detailRequestInit(plan, opts.origin, id);
apps/extension/lib/backfill/engine.ts:2388-2461  66b0315f676a  lines=74
  <- docs-dev/privacy.md:497  :: /**
apps/extension/lib/backfill/engine.ts:2417-2457  6a44c25b00cc  lines=41
  <- docs-dev/privacy.md:519, docs-dev/privacy.md:586, docs-dev/threat-model.md:303, docs-dev/threat-model.md:662  :: if (!step2 && plan.detailPages) {
apps/extension/lib/backfill/engine.ts:2418-2477  8bbdf423498e  lines=60
  <- docs-dev/install.md:109  :: const pages = plan.detailPages;
apps/extension/lib/backfill/engine.ts:2595-2630  2cb492e06a56  lines=36
  <- docs-dev/install.md:109  :: * 🔴 W22 · **A real body that is explicitly incomplete.**
apps/extension/lib/backfill/engine.ts:2617-2630  2cb6b4af719d  lines=14
  <- docs-dev/install.md:1009, docs-dev/privacy.md:586, docs-dev/privacy.md:602, docs-dev/threat-model.md:303, docs-dev/threat-model.md:656  :: if (detailParsed?.ok === true && detailParsed.outcome === '…
apps/extension/lib/backfill/engine.ts:2681-2693  5b084f3234d8  lines=13
  <- docs-dev/privacy.md:588  :: if (detailParsed?.ok === true && detailParsed.outcome === '…
apps/extension/lib/backfill/enumerate.ts:1351-1419  88844e1a94e6  lines=69
  <- docs-dev/install.md:1005, docs-dev/privacy.md:353  :: const SHAPE_DEPTH = 2;
apps/extension/lib/backfill/enumerate.ts:2267-2311  e19b9f15deb3  lines=45
  <- docs-dev/install.md:109, docs-dev/install.md:171, docs-dev/privacy.md:587, docs-dev/threat-model.md:304, docs-dev/threat-model.md:315, docs-dev/threat-model.md:666  :: *    `detail-paged-unsupported` — real content, explicitly …
apps/extension/lib/backfill/enumerate.ts:2742-2756  ffe4f02c7973  lines=15
  <- docs-dev/install.md:151  :: */
apps/extension/lib/backfill/enumerate.ts:2758-2785  7c96a3147177  lines=28
  <- docs-dev/install.md:147  :: *   list endpoint   GET https://chat.deepseek.com/api/v0/ch…
apps/extension/lib/backfill/enumerate.ts:2790-2804  30e272d8bf3f  lines=15
  <- docs-dev/install.md:1008  :: *  · `detailPath` / `detailUrl`: GET /api/v0/chat/history_m…
apps/extension/lib/backfill/enumerate.ts:2806-2833  bf7a44d7622d  lines=28
  <- docs-dev/install.md:1008, docs-dev/privacy.md:586, docs-dev/threat-model.md:303, docs-dev/threat-model.md:627  :: *  · 🔴 W42 · **Whether this endpoint pages or truncates a l…
apps/extension/lib/backfill/enumerate.ts:2815-2818  ceeb77784882  lines=4
  <- docs-dev/install.md:109  :: *    message names its `parent_id`. So the visible branch i…
apps/extension/lib/backfill/enumerate.ts:2880-2932  d8a084086d48  lines=53
  <- docs-dev/install.md:1005  :: provenance:
apps/extension/lib/backfill/enumerate.ts:2919-2930  c00e5345042f  lines=12
  <- docs-dev/install.md:109, docs-dev/install.md:162, docs-dev/privacy.md:587, docs-dev/threat-model.md:304  :: + 'or starts at a leaf the response does not carry ⇒ detail…
apps/extension/lib/backfill/enumerate.ts:3034-3036  e4d183b25c3b  lines=3
  <- docs-dev/install.md:109  :: body: (_origin, offset, limit) => JSON.stringify({
apps/extension/lib/backfill/enumerate.ts:3052-3073  72e20ad4d004  lines=22
  <- docs-dev/install.md:1005  :: provenance:
apps/extension/lib/backfill/enumerate.ts:3053  ffa5b6acbd98  lines=1
  <- docs-dev/privacy.md:507  :: 'cross-source reverse-engineering (R26 research, 2026-08-17…
apps/extension/lib/backfill/enumerate.ts:3116-3177  494e66906feb  lines=62
  <- docs-dev/install.md:109  :: *
apps/extension/lib/backfill/enumerate.ts:3164-3225  a613cdfc4224  lines=62
  <- docs-dev/install.md:1005, docs-dev/install.md:1006, docs-dev/install.md:1007, docs-dev/privacy.md:586, docs-dev/threat-model.md:303  :: export const GROK_PLAN: BackfillEnumPlan = {
apps/extension/lib/backfill/enumerate.ts:3201-3263  9cedb6638e39  lines=63
  <- docs-dev/install.md:109, docs-dev/privacy.md:509  :: //    the conversation is empty, and must not be settled as…
apps/extension/lib/backfill/enumerate.ts:3203-3224  0b4239a1e3c5  lines=22
  <- docs-dev/threat-model.md:622  :: provenance:
apps/extension/lib/backfill/enumerate.ts:3249-3311  584fb75ba557  lines=63
  <- docs-dev/install.md:1009  :: * 🔴 W22 · Kimi's conversation list **and** its conversation…
apps/extension/lib/backfill/enumerate.ts:3382-3385  edf469f1853d  lines=4
  <- docs-dev/threat-model.md:622  :: + '🔴 Unverified and handled, not guessed: whether a LONG co…
apps/extension/lib/backfill/enumerate.ts:3640-3768  384b9c93a5e4  lines=129
  <- docs-dev/install.md:109  :: * page's own tokens come from `WIZ_global_data`.
apps/extension/lib/backfill/enumerate.ts:3688-3816  0a778d57c7c4  lines=129
  <- docs-dev/privacy.md:519  :: export const GEMINI_PLAN: BackfillEnumPlan = {
apps/extension/lib/backfill/enumerate.ts:3781-3793  f1085cfb0b6d  lines=13
  <- docs-dev/privacy.md:514  :: GEMINI_RPC_DETAIL,
apps/extension/lib/backfill/enumerate.ts:3808-3813  9822b23e6f57  lines=6
  <- docs-dev/threat-model.md:622  :: + '🔴 Unverified and handled, not guessed: the request ARGUM…
apps/extension/lib/backfill/enumerate.ts:3819-3825  2665dbd863fc  lines=7
  <- docs-dev/privacy.md:588  :: // 🔴 W31 · claude.ai
apps/extension/lib/backfill/enumerate.ts:4066-4144  cd3e6793d8f8  lines=79
  <- docs-dev/privacy.md:588, docs-dev/threat-model.md:305  :: export function parseClaudeDetailTree(
apps/extension/lib/backfill/enumerate.ts:4290-4321  0663964bc1bb  lines=32
  <- docs-dev/threat-model.md:633  :: provenance:
apps/extension/lib/backfill/enumerate.ts:4590-4621  3de94e683edf  lines=32
  <- docs-dev/install.md:105, docs-dev/install.md:922, docs-dev/privacy.md:496  :: export function unsupportedBackfillFor(platform: string): U…
apps/extension/lib/backfill/enumerate.ts:4642-4666  043d98acfa1d  lines=25
  <- docs-dev/privacy.md:586, docs-dev/threat-model.md:303, docs-dev/threat-model.md:618  :: export const BACKFILL_SUPPORTED_PLATFORMS: readonly string[…
apps/extension/lib/backfill/pace.ts:121-132  1e65e383924f  lines=12
  <- docs-dev/install.md:862  :: export const DEFAULT_DETAIL_PACE: PacePlan = {
apps/extension/lib/backfill/pace.ts:154-155  7848a0f0da9a  lines=2
  <- docs-dev/install.md:862  :: export const DAILY_CAP_MIN = 300;
apps/extension/lib/backfill/schedule.ts:39  3f15d79a8fc9  lines=1
  <- docs-dev/privacy.md:316, docs-dev/privacy.md:474  :: export const BACKFILL_ENABLED_KEY = 'cs_backfill_enabled_v1…
apps/extension/lib/backfill/schedule.ts:50  51bde443ef97  lines=1
  <- docs-dev/install.md:869  :: export const BACKFILL_DEFAULT_ENABLED = false;
apps/extension/lib/backfill/schedule.ts:72  7fdb4078ad89  lines=1
  <- docs-dev/install.md:863  :: export const DEFAULT_TICK_DETAILS = 2;
apps/extension/lib/backfill/schedule.ts:212  9a795cda6e5e  lines=1
  <- docs-dev/install.md:120  :: if (!gate.hasHttp) return 'no-http-port';
apps/extension/lib/backfill/store.ts:18-48  fa247d6bcda9  lines=31
  <- docs-dev/privacy.md:628  :: export interface BackfillStore {
apps/extension/lib/backfill/store.ts:85-97  a2af158effd2  lines=13
  <- docs-dev/privacy.md:628  :: function localArea(): LocalArea | null {
apps/extension/lib/backfill/tab-port.ts:170  118cc6173392  lines=1
  <- docs-dev/privacy.md:317  :: export const BACKFILL_TABS_KEY = 'cs_backfill_tabs_v1';
apps/extension/lib/backfill/tab-port.ts:422-461  593876bf3c4e  lines=40
  <- docs-dev/threat-model.md:62  :: export function checkBackfillRequest(
apps/extension/lib/backfill/tab-port.ts:464-484  3a127cc35dfc  lines=21
  <- docs-dev/threat-model.md:305  :: *    has two more segments, so the two cannot collide by co…
apps/extension/lib/backfill/tab-port.ts:1133-1150  18db841e280b  lines=18
  <- docs-dev/privacy.md:387  :: export async function askTabForClaudeOrg(
apps/extension/lib/badge.ts:46-73  2a78b91d66d3  lines=28
  <- docs-dev/install.md:353  :: export function badgeFor(state: OutboxSummary | null): Badg…
apps/extension/lib/contract.ts:6-16  a5f68b09454d  lines=11
  <- docs-dev/threat-model.md:363  :: /** Message names used by the page-world hook and the isola…
apps/extension/lib/contract.ts:39-100  8137d0d1ef2d  lines=62
  <- docs-dev/threat-model.md:281  :: * needs them.**
apps/extension/lib/contract.ts:102-104  212496897aef  lines=3
  <- docs-dev/threat-model.md:364  :: export const PAGE_HOOK_VERSION = 'v1';
apps/extension/lib/contract.ts:283-309  a657a94fdd9d  lines=27
  <- SECURITY.md:65, docs-dev/threat-model.md:26  :: export interface ChatPlatform {
apps/extension/lib/contract.ts:315-768  7145c962c36a  lines=454
  <- docs-dev/install.md:83, docs-dev/install.md:187, docs-dev/privacy.md:97  :: export const ALL_PLATFORMS: readonly ChatPlatform[] = [
apps/extension/lib/contract.ts:318  65cef6a544ee  lines=1
  <- docs-dev/privacy.md:533  :: origins: ['https://chat.deepseek.com'],
apps/extension/lib/contract.ts:363  2e5f6f960ad0  lines=1
  <- docs-dev/install.md:32, docs-dev/privacy.md:557  :: webSocketCapture: false,
apps/extension/lib/contract.ts:367-435  d7aa5654b4b5  lines=69
  <- docs-dev/install.md:87  :: origins: ['https://www.perplexity.ai'],
apps/extension/lib/contract.ts:367  779465350317  lines=1
  <- docs-dev/privacy.md:534  :: origins: ['https://www.perplexity.ai'],
apps/extension/lib/contract.ts:384-399  183bd14dc050  lines=16
  <- docs-dev/threat-model.md:304  :: pathHints: ['/rest/thread/'],
apps/extension/lib/contract.ts:419-424  1631eb0ed4f9  lines=6
  <- docs-dev/install.md:89  :: sessionIdPatterns: [
apps/extension/lib/contract.ts:432  2e5f6f960ad0  lines=1
  <- docs-dev/install.md:32, docs-dev/privacy.md:557  :: webSocketCapture: false,
apps/extension/lib/contract.ts:436  4eda2e856655  lines=1
  <- docs-dev/privacy.md:535  :: origins: ['https://chatgpt.com', 'https://chat.openai.com'],
apps/extension/lib/contract.ts:449  2e5f6f960ad0  lines=1
  <- docs-dev/install.md:32, docs-dev/privacy.md:557  :: webSocketCapture: false,
apps/extension/lib/contract.ts:453  586fc9c878ac  lines=1
  <- docs-dev/privacy.md:536  :: origins: ['https://gemini.google.com'],
apps/extension/lib/contract.ts:491  2e5f6f960ad0  lines=1
  <- docs-dev/install.md:32, docs-dev/privacy.md:557  :: webSocketCapture: false,
apps/extension/lib/contract.ts:495  1f7678ac6786  lines=1
  <- docs-dev/privacy.md:537  :: origins: ['https://claude.ai'],
apps/extension/lib/contract.ts:550  2e5f6f960ad0  lines=1
  <- docs-dev/install.md:32, docs-dev/privacy.md:557  :: webSocketCapture: false,
apps/extension/lib/contract.ts:562  047cc8b8ab4e  lines=1
  <- docs-dev/privacy.md:538  :: origins: ['https://www.kimi.com'],
apps/extension/lib/contract.ts:678  2e5f6f960ad0  lines=1
  <- docs-dev/install.md:32, docs-dev/privacy.md:558  :: webSocketCapture: false,
apps/extension/lib/contract.ts:685  23c99a148fbc  lines=1
  <- docs-dev/privacy.md:539  :: origins: ['https://grok.com'],
apps/extension/lib/contract.ts:766  2e5f6f960ad0  lines=1
  <- docs-dev/install.md:32, docs-dev/privacy.md:558  :: webSocketCapture: false,
apps/extension/lib/contract.ts:775-810  ebba5d56a375  lines=36
  <- docs-dev/privacy.md:542, docs-dev/threat-model.md:26  :: export function platformsForChannel(channel: ReleaseChannel…
apps/extension/lib/contract.ts:797-810  ee0db2699c92  lines=14
  <- SECURITY.md:65  :: export function contentMatchesForChannel(channel: ReleaseCh…
apps/extension/lib/contract.ts:831  93f15da49cac  lines=1
  <- docs-dev/privacy.md:555  :: export const MAX_RAW_BYTES = 16 * 1024 * 1024;
apps/extension/lib/contract.ts:926-945  9e2aaed71d47  lines=20
  <- docs-dev/privacy.md:553  :: export function matchesResponseShape(platform: ChatPlatform…
apps/extension/lib/contract.ts:946-975  e5a8e59e7d75  lines=30
  <- docs-dev/threat-model.md:373  :: /** Validate page-originated capture payloads before they r…
apps/extension/lib/contract.ts:947-976  c396666ec045  lines=30
  <- docs-dev/privacy.md:97, docs-dev/privacy.md:553  :: export function isCapturedFetchShape(value: unknown): value…
apps/extension/lib/contract.ts:967-968  c0c06c41bd43  lines=2
  <- docs-dev/privacy.md:282  :: if ('provenance' in value) return false;
apps/extension/lib/contract.ts:984-994  1aa0380648ba  lines=11
  <- docs-dev/threat-model.md:372  :: export function isMainReadyMessage(
apps/extension/lib/contract.ts:1054-1062  f8ce74aeb760  lines=9
  <- docs-dev/privacy.md:266, docs-dev/threat-model.md:349  :: export type AccountUnknownReason =
apps/extension/lib/contract.ts:1081-1085  2bc3c3916870  lines=5
  <- docs-dev/privacy.md:322, docs-dev/threat-model.md:346  :: * 🔴 `saltId` is the salt's public half: an opaque per-insta…
apps/extension/lib/contract.ts:1089-1098  f52cfd676ca3  lines=10
  <- docs-dev/privacy.md:262  :: export type AccountFingerprint =
apps/extension/lib/contract.ts:1155-1183  6b7d59562892  lines=29
  <- docs-dev/install.md:94  :: export function extractSessionId(url: string, text: string,…
apps/extension/lib/contract.ts:1155-1170  f0db315057f2  lines=16
  <- docs-dev/threat-model.md:329  :: export function extractSessionId(url: string, text: string,…
apps/extension/lib/contract.ts:1257-1273  61ac9dc62d25  lines=17
  <- docs-dev/privacy.md:358, docs-dev/threat-model.md:329  :: export function extractIdentity(text: string, sessionId: st…
apps/extension/lib/gemini-capture.ts:150-234  2f22e0ff5308  lines=85
  <- docs-dev/privacy.md:461, docs-dev/privacy.md:522, docs-dev/threat-model.md:257  :: export async function completeGeminiLiveCapture(
apps/extension/lib/hook-status.ts:78-155  a1b6f1b47629  lines=78
  <- docs-dev/privacy.md:324  :: export const HOOK_STATUS_KEY_PREFIX = 'cs_hook_v1:';
apps/extension/lib/hook-status.ts:289-418  cf4d4983ffd4  lines=130
  <- docs-dev/privacy.md:324  :: export const HOOK_DECLINE_NOT_A_PLATFORM_ORIGIN = 'not-a-pl…
apps/extension/lib/host-status.ts:24-53  8037bbe82900  lines=30
  <- docs-dev/privacy.md:320  :: export const HOST_STATUS_KEY = 'cs_native_host_status_v1';
apps/extension/lib/host-status.ts:89-113  f8682e917e91  lines=25
  <- docs-dev/privacy.md:320  :: export function toRecord(
apps/extension/lib/live-capture.ts:149-151  a42f85895173  lines=3
  <- docs-dev/privacy.md:326  :: /** Storage key prefix. One row per platform. */
apps/extension/lib/live-capture.ts:273-308  144411873cfe  lines=36
  <- docs-dev/privacy.md:326  :: /**
apps/extension/lib/native-host.ts:30  9da915f38ab1  lines=1
  <- docs-dev/privacy.md:136, docs-dev/threat-model.md:62  :: export const NATIVE_HOST_NAME = 'com.chat_stasher.host';
apps/extension/lib/native-host.ts:755-805  90149cb2b330  lines=51
  <- docs-dev/privacy.md:136, docs-dev/threat-model.md:40  :: outcome: SendOutcome,
apps/extension/lib/native-host.ts:933-942  d19b8c8b9924  lines=10
  <- docs-dev/install.md:67, docs-dev/privacy.md:142, docs-dev/threat-model.md:43, docs-dev/threat-model.md:422  :: const classified = classify(outcome, (value) => {
apps/extension/lib/outbox-alarm.ts:20-46  175432e0734b  lines=27
  <- docs-dev/privacy.md:629  :: export const OUTBOX_ALARM_NAME = 'cs-outbox-retry';
apps/extension/lib/outbox.ts:35-38  8427e3c8b640  lines=4
  <- docs-dev/privacy.md:127, docs-dev/threat-model.md:367  :: export const OUTBOX_DB_NAME = 'chat-stasher-outbox';
apps/extension/lib/outbox.ts:54  470e33d97b7b  lines=1
  <- docs-dev/privacy.md:630  :: export const OUTBOX_CAPACITY_BYTES = 256 * 1024 * 1024;
apps/extension/lib/outbox.ts:60-61  4fcc6c08ee3e  lines=2
  <- docs-dev/privacy.md:321  :: /** Where the last export happened. Written by the popup, r…
apps/extension/lib/outbox.ts:65-81  4526f8ad144c  lines=17
  <- docs-dev/privacy.md:257, docs-dev/privacy.md:701, docs-dev/threat-model.md:108  :: export interface OutboxEntry {
apps/extension/lib/outbox.ts:310-378  c7adb6b1fdc6  lines=69
  <- docs-dev/install.md:933, docs-dev/privacy.md:128, docs-dev/privacy.md:257, docs-dev/privacy.md:701, docs-dev/threat-model.md:33, docs-dev/threat-model.md:108, docs-dev/threat-model.md:550  :: export async function enqueue(
apps/extension/lib/outbox.ts:380-395  abd4cf39ad63  lines=16
  <- docs-dev/install.md:70, docs-dev/install.md:933, docs-dev/privacy.md:143, docs-dev/privacy.md:679, docs-dev/threat-model.md:112, docs-dev/threat-model.md:550  :: /** 🔴 The only deletion in this module. Callers must hold a…
apps/extension/lib/outbox.ts:440-476  7adf517c3771  lines=37
  <- docs-dev/install.md:361, docs-dev/privacy.md:296  :: * §8 file name: `chat-stasher-export-<UTC yyyymmddThhmmssZ>…
apps/extension/lib/outbox.ts:443-447  793690884dfe  lines=5
  <- docs-dev/threat-model.md:135  :: export function exportFilename(at: number): string {
apps/extension/lib/outbox.ts:458-465  eaa2acf05ef9  lines=8
  <- docs-dev/install.md:375  :: /**
apps/extension/lib/outbox.ts:466-476  12ea3db028e8  lines=11
  <- docs-dev/privacy.md:463, docs-dev/threat-model.md:118  :: export function buildExportFile(entries: readonly OutboxEnt…
apps/extension/lib/outbox.ts:478-502  fe9cbdf9b144  lines=25
  <- docs-dev/privacy.md:321  :: export interface LastExport {
apps/extension/lib/page-hook.ts:254-261  ce770312c2a2  lines=8
  <- docs-dev/privacy.md:617  :: const warnUnsupportedTransport = (transport: string, url: s…
apps/extension/lib/page-hook.ts:356-396  27217164e88f  lines=41
  <- docs-dev/privacy.md:613, docs-dev/threat-model.md:29  :: const captureCandidate = (rawUrl: string, method: string, s…
apps/extension/lib/page-hook.ts:374  89c8124c5ce8  lines=1
  <- docs-dev/privacy.md:555  :: console.warn('[chat-stasher] capture skipped: response exce…
apps/extension/lib/page-hook.ts:507-512  ca79e5302131  lines=6
  <- docs-dev/privacy.md:615  :: if (type === '' || type === 'text') {
apps/extension/lib/page-hook.ts:513-516  6ae7abf10cbd  lines=4
  <- docs-dev/privacy.md:616  :: if (text === null) {
apps/extension/lib/page-hook.ts:547-566  2b6d5df66782  lines=20
  <- docs-dev/privacy.md:618  :: const eventSourceConstructor = pageWindow.EventSource;
apps/extension/lib/page-hook.ts:559-576  4879198d1094  lines=18
  <- docs-dev/privacy.md:95, docs-dev/privacy.md:226, docs-dev/privacy.md:461  :: pageWindow.EventSource = eventSourceProxy;
apps/extension/lib/page-hook.ts:659  b8838019dc2f  lines=1
  <- docs-dev/privacy.md:95  :: const originalFetch = window.fetch.bind(window);
apps/extension/lib/page-hook.ts:675-686  ce7acbc195d1  lines=12
  <- docs-dev/threat-model.md:265  :: // ChatGPT's in-page navigation loads only a paged window o…
apps/extension/lib/page-hook.ts:679-684  179b81cc05cf  lines=6
  <- docs-dev/privacy.md:102  :: const paged = platform && platform.id === 'chatgpt' && pars…
apps/extension/lib/page-hook.ts:698  c2a5f81a7761  lines=1
  <- docs-dev/privacy.md:95, docs-dev/privacy.md:226, docs-dev/privacy.md:461, docs-dev/threat-model.md:28, docs-dev/threat-model.md:232  :: const text = await response.clone().text();
apps/extension/lib/page-hook.ts:705-730  cc9a7f2cab03  lines=26
  <- docs-dev/threat-model.md:27, docs-dev/threat-model.md:232  :: const hookedFetch: typeof window.fetch = async (input, init…
apps/extension/lib/platform-auth.ts:47  b6f4f48756a7  lines=1
  <- docs-dev/privacy.md:107, docs-dev/privacy.md:228, docs-dev/threat-model.md:268  :: export const CHATGPT_SESSION_PATH = '/api/auth/session';
apps/extension/lib/platform-auth.ts:61-71  5e4adeb00a65  lines=11
  <- docs-dev/privacy.md:110  :: export function needsChatgptBearer(url: string, pageOrigin:…
apps/extension/lib/platform-auth.ts:90-105  74bb3b0925af  lines=16
  <- docs-dev/privacy.md:107, docs-dev/privacy.md:228, docs-dev/threat-model.md:268  :: async function readSessionToken(pageOrigin: string, rawFetc…
apps/extension/lib/platform-auth.ts:111-130  f67f01d9e4a4  lines=20
  <- docs-dev/privacy.md:110, docs-dev/threat-model.md:269  :: export function createAuthorizedFetch(pageOrigin: string, r…
apps/extension/lib/platform-auth.ts:268-305  03784069e1a6  lines=38
  <- docs-dev/install.md:109, docs-dev/install.md:1010, docs-dev/privacy.md:123, docs-dev/privacy.md:586, docs-dev/threat-model.md:276, docs-dev/threat-model.md:303, docs-dev/threat-model.md:654  :: export function createKimiAuthorizedFetch(
apps/extension/lib/platform-auth.ts:679-779  9037a7e5f6b3  lines=101
  <- docs-dev/install.md:109, docs-dev/privacy.md:46, docs-dev/threat-model.md:280, docs-dev/threat-model.md:661  :: export function createGeminiAuthorizedFetch(
apps/extension/lib/popup-view.ts:776-823  f9ec80d8f0aa  lines=48
  <- docs-dev/privacy.md:318  :: /**
apps/extension/lib/popup-view.ts:938-951  00dceceff078  lines=14
  <- docs-dev/install.md:183  :: /**
apps/extension/lib/popup-view.ts:1616-1703  9f67dd3fe14c  lines=88
  <- docs-dev/privacy.md:433  :: /**
apps/extension/lib/recapture.ts:46  cfe455b29ce5  lines=1
  <- docs-dev/privacy.md:325  :: export const LAST_DELIVERED_KEY = 'cs_last_delivered_v1';
apps/extension/lib/recapture.ts:103  0dea3949140e  lines=1
  <- docs-dev/privacy.md:325  :: export async function contentFingerprint(platform: string, …
apps/extension/lib/recapture.ts:274-304  186fb135fa3e  lines=31
  <- docs-dev/privacy.md:325  :: export async function isUnchangedCapture(
apps/extension/lib/recapture.ts:342-354  640eada78218  lines=13
  <- docs-dev/privacy.md:325  :: export async function rememberDelivered(
apps/extension/lib/ui-strings.ts:34-36  443dc6990477  lines=3
  <- docs-dev/install.md:351  :: export function fixCommand(stage: string | null | undefined…
apps/extension/lib/ui-strings.ts:80-100  b83df381516c  lines=21
  <- docs-dev/install.md:345  :: export function channelConnected(f: ChannelFacts): string {
apps/extension/lib/ui-strings.ts:89-100  c3203f7ef37c  lines=12
  <- docs-dev/install.md:351  :: export function channelDisconnected(f: ChannelFacts): strin…
apps/extension/package.json:4  3aa57759f9e4  lines=1
  <- docs-dev/install.md:926  :: "private": true,
apps/extension/package.json:8-19  d3db38339dc6  lines=12
  <- docs-dev/install.md:301, docs-dev/install.md:928  :: "dev": "wxt",
apps/extension/wxt.config.ts:78  8973cb78d41e  lines=1
  <- docs-dev/install.md:998  :: default_locale: 'en',
apps/extension/wxt.config.ts:89  c5961dc1034c  lines=1
  <- docs-dev/privacy.md:634  :: // 🔴 W2 removed 'downloads'. The extension no longer downlo…
apps/extension/wxt.config.ts:95-101  411bd7614c9a  lines=7
  <- docs-dev/threat-model.md:714  :: // Why 'storage': the debt set, the backfill switch, the ba…
apps/extension/wxt.config.ts:103-107  7507f52466ca  lines=5
  <- docs-dev/privacy.md:629  :: // Why 'alarms' (C19): the backfill leg must have a heartbe…
apps/extension/wxt.config.ts:115  e8b57cf64548  lines=1
  <- docs-dev/privacy.md:630  :: // Why 'unlimitedStorage' (W2): the outbox is an IndexedDB …
apps/extension/wxt.config.ts:122-125  10c3369ba7fc  lines=4
  <- docs-dev/install.md:114  :: // 🔴 Nothing else. No host permissions: the backfill leg fe…
apps/extension/wxt.config.ts:125  bdb2678d0ca3  lines=1
  <- docs-dev/install.md:56, docs-dev/install.md:338, docs-dev/install.md:996, docs-dev/privacy.md:216, docs-dev/privacy.md:623, docs-dev/privacy.md:636, docs-dev/privacy.md:653, docs-dev/threat-model.md:62  :: permissions: ['unlimitedStorage', 'storage', 'alarms', 'nat…
apps/extension/wxt.config.ts:126-132  2a2b23999f5f  lines=7
  <- docs-dev/threat-model.md:401  :: // 🔴 ADR-014: this pins the Chrome extension ID to
apps/extension/wxt.config.ts:148  84787b717b3c  lines=1
  <- docs-dev/privacy.md:237  :: data_collection_permissions: { required: ['none'] },
contracts/inbox.schema.json:162-186  7082b5d6df99  lines=25
  <- docs-dev/privacy.md:270  :: "oneOf": [
crates/chat-stasher/Cargo.toml:1-6  fa6a94482f21  lines=6
  <- docs-dev/install.md:248  :: [package]
crates/chat-stasher/Cargo.toml:3  d8cbd5409219  lines=1
  <- SECURITY.md:47  :: version = "0.5.0-rc.2"
crates/chat-stasher/Cargo.toml:6  2d9a3079e6a6  lines=1
  <- docs-dev/privacy.md:761  :: license = "Apache-2.0"
crates/chat-stasher/Cargo.toml:20-33  096bce56001a  lines=14
  <- docs-dev/threat-model.md:679  :: [dependencies]
crates/chat-stasher/Cargo.toml:26-27  4a5b59a2acb8  lines=2
  <- docs-dev/threat-model.md:62, docs-dev/threat-model.md:80, docs-dev/threat-model.md:681  :: rustic_core = { version = "=0.12.0" }
crates/chat-stasher/Cargo.toml:33  f6c7a40dd8b1  lines=1
  <- docs-dev/threat-model.md:681  :: rusqlite = { version = "=0.32.1", features = ["bundled"] }
crates/chat-stasher/src/activity.rs:1887-1937  8c2dfeee36d6  lines=51
  <- docs-dev/privacy.md:277  :: fn project_provenance(lines: &[&str]) -> Option<ProjectProv…
crates/chat-stasher/src/config.rs:23  219b41f02316  lines=1
  <- docs-dev/install.md:261  :: /// (`$XDG_CONFIG_HOME`, falling back to `~/.config`).
crates/chat-stasher/src/config.rs:100-105  0c4fcb3ab27a  lines=6
  <- docs-dev/threat-model.md:62  :: pub harness_roots: BTreeMap<String, String>,
crates/chat-stasher/src/config.rs:101  cf52ab144fd4  lines=1
  <- docs-dev/privacy.md:445  :: /// Local rustic repository that `push`/`read` operate on.
crates/chat-stasher/src/config.rs:151-167  ed3020d28acc  lines=17
  <- docs-dev/threat-model.md:62, docs-dev/threat-model.md:80  :: /// snapshot re-writes the tree of every touched session di…
crates/chat-stasher/src/config.rs:268-269  1d4917fb6eda  lines=2
  <- docs-dev/install.md:443, docs-dev/install.md:533  :: /// Backend options forwarded verbatim (e.g. `endpoint` for…
crates/chat-stasher/src/config.rs:367-379  f8c997ee7702  lines=13
  <- docs-dev/install.md:267  :: pub fn load() -> anyhow::Result<Self> {
crates/chat-stasher/src/config.rs:367-374  b411c52507b6  lines=8
  <- docs-dev/install.md:278  :: pub fn load() -> anyhow::Result<Self> {
crates/chat-stasher/src/config.rs:823-834  96eee33c567e  lines=12
  <- docs-dev/install.md:261  :: }
crates/chat-stasher/src/config.rs:901  7b104ed5e9f5  lines=1
  <- docs-dev/install.md:619  :: eprintln!("warning: backend option environment reference wa…
crates/chat-stasher/src/config.rs:914-921  14514872d0a4  lines=8
  <- docs-dev/install.md:267  :: fn unusable_config(path: &Path, reason: String) -> anyhow::…
crates/chat-stasher/src/config.rs:942-959  854dc4cb8667  lines=18
  <- docs-dev/install.md:619  :: fn classify_env_reference(
crates/chat-stasher/src/config.rs:1023  21dc77f8cddb  lines=1
  <- docs-dev/install.md:615  :: fn resolve_option_env_refs(cfg: &mut Config, problems: &mut…
crates/chat-stasher/src/destinit.rs:57-72  9da3f5cced7a  lines=16
  <- docs-dev/threat-model.md:533  :: //! Skipping the ones that are not there is worse, though, …
crates/chat-stasher/src/destinit.rs:104-118  4e3ae691d5bc  lines=15
  <- docs-dev/threat-model.md:530  :: /// `false` — which this module then used as *evidence* tha…
crates/chat-stasher/src/destinit.rs:391-399  d2438d975abb  lines=9
  <- docs-dev/threat-model.md:530  :: Ok(true) => continue,
crates/chat-stasher/src/doctor.rs:829-971  be814b8bcfcc  lines=143
  <- docs-dev/install.md:791  :: /// [`run()`] entry point fills it in; the field is an `Opt…
crates/chat-stasher/src/doctor.rs:851-971  c5360136b94d  lines=121
  <- docs-dev/install.md:795  :: pub enum ActivityIndexFreshness {
crates/chat-stasher/src/doctor.rs:1009-1069  0492b1ab7535  lines=61
  <- docs-dev/install.md:791  :: /// Connect once to every declared destination, read-only.
crates/chat-stasher/src/doctor.rs:1153-1181  f6767e1d5dd0  lines=29
  <- docs-dev/install.md:276  :: pub fn config_unreadable(error: String) -> DoctorReport {
crates/chat-stasher/src/doctor.rs:1186-1192  c02d8ef0e413  lines=7
  <- docs-dev/install.md:276  :: pub fn not_checked(&self) -> &'static [&'static str] {
crates/chat-stasher/src/inbox.rs:57-60  5dde96cb7b9a  lines=4
  <- docs-dev/privacy.md:300, docs-dev/privacy.md:680  :: /// Subdirectory of the inbox where consumed files are reti…
crates/chat-stasher/src/inbox.rs:59-60  c69ecbc73d8e  lines=2
  <- docs-dev/install.md:373  :: /// Suffix of a multi-bundle export file (`nativehost-proto…
crates/chat-stasher/src/inbox.rs:66-68  3935abac04cb  lines=3
  <- docs-dev/install.md:398, docs-dev/threat-model.md:414  :: pub const STAGE_LOCK_FILE: &str = ".ingest.lock";
crates/chat-stasher/src/inbox.rs:1002-1030  81d263fdddc2  lines=29
  <- docs-dev/install.md:398, docs-dev/threat-model.md:414  :: /// Take the stage write lock, waiting at most [`STAGE_LOCK…
crates/chat-stasher/src/main.rs:82  51c934204980  lines=1
  <- docs-dev/install.md:24  :: about = "Append-only archive for every LLM conversation, ac…
crates/chat-stasher/src/main.rs:148-1138  d715ec1a8f5d  lines=991
  <- docs-dev/install.md:845, docs-dev/privacy.md:685, docs-dev/threat-model.md:576  :: enum Command {
crates/chat-stasher/src/main.rs:149-150  6f7da3119197  lines=2
  <- docs-dev/install.md:259  :: /// Write a commented default config if none exists (non-de…
crates/chat-stasher/src/main.rs:200-237  957f12533bab  lines=38
  <- docs-dev/install.md:718, docs-dev/install.md:966  :: /// Collect one pass, push only when configured and changed…
crates/chat-stasher/src/main.rs:306-343  8a0a2a9dbeae  lines=38
  <- docs-dev/privacy.md:146, docs-dev/threat-model.md:49  :: /// Move a batch of sealed session shards into the rustic r…
crates/chat-stasher/src/main.rs:306-310  70026e4d2709  lines=5
  <- docs-dev/threat-model.md:131  :: /// Move a batch of sealed session shards into the rustic r…
crates/chat-stasher/src/main.rs:311-343  e25c0a07d334  lines=33
  <- docs-dev/install.md:426  :: Push {
crates/chat-stasher/src/main.rs:367-369  9592a2937e4b  lines=3
  <- docs-dev/install.md:762  :: /// `--sessions` adds the per-session metadata table on top…
crates/chat-stasher/src/main.rs:370  5fd8a1cb5337  lines=1
  <- docs-dev/threat-model.md:498  :: Status {
crates/chat-stasher/src/main.rs:402-446  108a29b160b7  lines=45
  <- docs-dev/install.md:850  :: /// Dump one session back from the repository (sequence-con…
crates/chat-stasher/src/main.rs:402-404  d6a7594728aa  lines=3
  <- docs-dev/threat-model.md:581  :: /// Dump one session back from the repository (sequence-con…
crates/chat-stasher/src/main.rs:405-446  2b5d4df092d6  lines=42
  <- docs-dev/install.md:426  :: Read {
crates/chat-stasher/src/main.rs:447-458  b3639ab631d6  lines=12
  <- docs-dev/install.md:784  :: /// Diagnostic: does any harness on this machine silently d…
crates/chat-stasher/src/main.rs:447-448  73cf6412a398  lines=2
  <- docs-dev/threat-model.md:498  :: /// Diagnostic: does any harness on this machine silently d…
crates/chat-stasher/src/main.rs:459-508  271206a78075  lines=50
  <- docs-dev/install.md:426  :: /// Prove the archive is intact. Three independently runnab…
crates/chat-stasher/src/main.rs:459-497  4d73dbd30b3b  lines=39
  <- docs-dev/threat-model.md:733  :: /// Prove the archive is intact. Three independently runnab…
crates/chat-stasher/src/main.rs:549-579  b2d69f40650a  lines=31
  <- docs-dev/threat-model.md:592  :: /// Search one destination's archive by session metadata.
crates/chat-stasher/src/main.rs:575-579  1ea5d27e0f6f  lines=5
  <- docs-dev/threat-model.md:608  :: /// Exit codes distinguish the three answers, because two o…
crates/chat-stasher/src/main.rs:611-691  40bed16bc335  lines=81
  <- docs-dev/install.md:834, docs-dev/install.md:848, docs-dev/privacy.md:305, docs-dev/privacy.md:684, docs-dev/threat-model.md:143, docs-dev/threat-model.md:584  :: /// Write every session the shared selector selects to file…
crates/chat-stasher/src/main.rs:729-779  4273707c50b1  lines=51
  <- docs-dev/threat-model.md:46  :: Ingest {
crates/chat-stasher/src/main.rs:747  cf775be2a229  lines=1
  <- docs-dev/install.md:26  :: /// Harness sources are opened read-only. File-backed JSONL…
crates/chat-stasher/src/main.rs:781-813  42a71db27ac9  lines=33
  <- docs-dev/threat-model.md:503  :: /// Seal one file already inside our stage into the next se…
crates/chat-stasher/src/main.rs:860-882  f05337c1507c  lines=23
  <- docs-dev/install.md:329  :: /// Register this executable as the browsers' Native Messag…
crates/chat-stasher/src/main.rs:883-925  00c9d6ccdc4b  lines=43
  <- docs-dev/install.md:62  :: InstallNativeHost {
crates/chat-stasher/src/main.rs:4132-4145  6e297c93e74c  lines=14
  <- docs-dev/install.md:454  :: Err(e) => {
crates/chat-stasher/src/main.rs:4135-4143  7606cd68232e  lines=9
  <- docs-dev/install.md:493  :: }
crates/chat-stasher/src/main.rs:4147-4156  a14261353a59  lines=10
  <- docs-dev/install.md:490  :: a sealed shard. They were NOT retired, so they are still in…
crates/chat-stasher/src/main.rs:4168-4192  6d97af905715  lines=25
  <- docs-dev/install.md:458  :: /// persisted key, an unreachable backend — returns `Err`, …
crates/chat-stasher/src/main.rs:4335-4391  d1e3f53d40dc  lines=57
  <- docs-dev/threat-model.md:534  :: let mut sources = Vec::new();
crates/chat-stasher/src/main.rs:5982-5989  f369ca3fd940  lines=8
  <- docs-dev/threat-model.md:523  :: Ok(mut options) => {
crates/chat-stasher/src/main.rs:6010-6106  9bab85dd14b4  lines=97
  <- docs-dev/threat-model.md:521  :: eprintln!("option: {e}");
crates/chat-stasher/src/main.rs:6093-6105  fcc341adabd7  lines=13
  <- SECURITY.md:70  :: keep_ssh_masters: bool,
crates/chat-stasher/src/main.rs:6342-6481  30a9e386a35b  lines=140
  <- docs-dev/threat-model.md:581  :: fn cmd_read(
crates/chat-stasher/src/main.rs:8589-8590  a70af44131aa  lines=2
  <- docs-dev/install.md:737  :: "a stale index must be replaced, not kept: {content}"
crates/chat-stasher/src/main.rs:8682-8689  e726e719a9a4  lines=8
  <- docs-dev/install.md:766  :: Err(ActivityIndexError::Write(message)) => {
crates/chat-stasher/src/main.rs:8732-8744  4c3eaca94d5c  lines=13
  <- docs-dev/install.md:271  :: fn config_or_refuse(command: &str) -> Result<Config, ExitCo…
crates/chat-stasher/src/main.rs:11686-11700  64847380f33a  lines=15
  <- docs-dev/install.md:776  :: // rather than silent.
crates/chat-stasher/src/main.rs:11836-11837  52b8c92908b4  lines=2
  <- docs-dev/install.md:732  :: if let Ok(report) = &scan {
crates/chat-stasher/src/main.rs:12017-12307  1589a05688d4  lines=291
  <- docs-dev/install.md:753  :: /// content of a session.
crates/chat-stasher/src/nativehost.rs:75-88  b160255bd493  lines=14
  <- docs-dev/privacy.md:627, docs-dev/threat-model.md:400  :: pub const HOST_NAME: &str = "com.chat_stasher.host";
crates/chat-stasher/src/nativehost.rs:204-320  9f3a51e5f984  lines=117
  <- docs-dev/install.md:997  :: /// Default discovery root for a platform, derived from `ho…
crates/chat-stasher/src/nativehost.rs:341-385  c611ef069f1c  lines=45
  <- docs-dev/privacy.md:627, docs-dev/threat-model.md:400  :: pub fn render_manifest(
crates/chat-stasher/src/nativehost.rs:930-997  62412070adbc  lines=68
  <- docs-dev/install.md:401, docs-dev/threat-model.md:410  :: fn resolve_target() -> HostTarget {
crates/chat-stasher/src/nativehost.rs:985-996  c1d3ca75f622  lines=12
  <- docs-dev/install.md:324, docs-dev/install.md:389  :: // Read-only: existence and kind are both checked, and neit…
crates/chat-stasher/src/nativehost.rs:1002-1031  0317baf37da8  lines=30
  <- docs-dev/install.md:414, docs-dev/threat-model.md:410  :: /// Unlike every CLI command, the host never *creates* the …
crates/chat-stasher/src/nativehost.rs:1144-1153  74f364fec566  lines=10
  <- docs-dev/threat-model.md:421  :: // Recomputed over the UTF-8 bytes of the *decoded* payload…
crates/chat-stasher/src/nativehost.rs:1146-1173  e3a387848c51  lines=28
  <- docs-dev/privacy.md:138, docs-dev/threat-model.md:41  :: let payload_sha = sha256_hex(parsed.payload.as_bytes());
crates/chat-stasher/src/nativehost.rs:1160-1166  a444120e69ed  lines=7
  <- docs-dev/threat-model.md:425  :: // `invalid-bundle` is the answer for a payload this channe…
crates/chat-stasher/src/nativehost.rs:1192-1196  4520d3869c60  lines=5
  <- docs-dev/install.md:404  :: Err(inbox::SealError::Lock(e)) => {
crates/chat-stasher/src/nativehost.rs:2031-2065  6e78c5dd7bec  lines=35
  <- docs-dev/privacy.md:627, docs-dev/threat-model.md:171, docs-dev/threat-model.md:405  :: pub fn detect_launch(argv: &[std::ffi::OsString]) -> Launch…
crates/chat-stasher/src/reap.rs:1-12  f3c5250f1f63  lines=12
  <- docs-dev/threat-model.md:80, docs-dev/threat-model.md:478  :: //! Connection reaping for remote SSH backends.
crates/chat-stasher/src/remote_err.rs:101-112  8dc19707e181  lines=12
  <- docs-dev/install.md:501  :: // 🔴 Host key changed MUST be checked before HostUntrusted,…
crates/chat-stasher/src/remote_err.rs:180-187  b026cffbce09  lines=8
  <- docs-dev/install.md:462  :: RemoteErrorKind::HostUntrusted => vec![
crates/chat-stasher/src/remote_err.rs:465-494  59ae8290fc6f  lines=30
  <- docs-dev/install.md:462  :: fn print_first_connection_guidance(cfg: &StoreConfig, prefi…
crates/chat-stasher/src/remote_err.rs:514-547  c531f63130e8  lines=34
  <- docs-dev/install.md:491  :: pub fn trust_host(cfg: &StoreConfig, known_hosts: &Path) ->…
crates/chat-stasher/src/runstate.rs:1-11  b6e42ac08f3e  lines=11
  <- docs-dev/install.md:975  :: //! Timer-visibility state: what happened on the last `run-…
crates/chat-stasher/src/runstate.rs:184-232  036d69fcbd03  lines=49
  <- docs-dev/install.md:738  :: /// false → `status` must exit non-zero.
crates/chat-stasher/src/runstate.rs:186-192  525f5b894e82  lines=7
  <- docs-dev/install.md:978  :: }
crates/chat-stasher/src/schedule.rs:197-301  0146bafd68ef  lines=105
  <- docs-dev/install.md:715  :: /// Render the templates for one scheduled job. `unit` pick…
crates/chat-stasher/src/schedule.rs:508-649  3a4decd9cf04  lines=142
  <- docs-dev/install.md:713, docs-dev/install.md:944  :: pub fn install_launchd_agents(
crates/chat-stasher/src/search.rs:16-38  b967cd30c55b  lines=23
  <- docs-dev/threat-model.md:604  :: //! * **metadata tier** (this module): snapshot files + ind…
crates/chat-stasher/src/sqlite_probe.rs:23-29  fa32ad6c5dbc  lines=7
  <- SECURITY.md:67, docs-dev/threat-model.md:495  :: //! Read-only guarantee: every connection opens with `mode=…
crates/chat-stasher/src/sqlite_probe.rs:1373-1376  b250c934a6e3  lines=4
  <- SECURITY.md:68, docs-dev/threat-model.md:493  :: let flags = OpenFlags::SQLITE_OPEN_READ_ONLY | OpenFlags::S…
crates/chat-stasher/src/sqlite_probe.rs:2010-2056  79eecb3f0cca  lines=47
  <- docs-dev/threat-model.md:496  :: fn wal_store_without_shm_probes_immutable_and_creates_no_si…
crates/chat-stasher/src/store.rs:153-156  f2781c197162  lines=4
  <- docs-dev/install.md:442, docs-dev/install.md:532  :: /// Extra backend options (e.g. `endpoint`/`user`/`key`/`ro…
crates/chat-stasher/src/store.rs:271-345  a6debb9ea9c7  lines=75
  <- docs-dev/privacy.md:147, docs-dev/privacy.md:447, docs-dev/privacy.md:462, docs-dev/privacy.md:666, docs-dev/threat-model.md:80, docs-dev/threat-model.md:215, docs-dev/threat-model.md:478  :: }
crates/chat-stasher/src/store.rs:306-310  bd0dae8980fe  lines=5
  <- docs-dev/install.md:442  :: if self.cfg.repo_root.starts_with("opendal:") || self.cfg.r…
crates/chat-stasher/src/store.rs:1146-1231  d1b806878c20  lines=86
  <- docs-dev/privacy.md:447, docs-dev/threat-model.md:80  :: // error, so reaching here means the entry list is provably…
crates/chat-stasher/src/store.rs:1233-1237  6b4ff2db82f4  lines=5
  <- docs-dev/privacy.md:722  :: machine: &str,
crates/chat-stasher/src/store.rs:1271-1273  d158bc9afb0e  lines=3
  <- docs-dev/install.md:431, docs-dev/threat-model.md:563  :: machine: &str,
crates/chat-stasher/src/store.rs:1271-1278  38aff1df8680  lines=8
  <- docs-dev/install.md:855, docs-dev/privacy.md:722  :: machine: &str,
crates/chat-stasher/src/store.rs:1313-1398  9ee679c8a89b  lines=86
  <- docs-dev/privacy.md:725, docs-dev/threat-model.md:124, docs-dev/threat-model.md:557  :: let file_type = entry.file_type()?;
crates/chat-stasher/src/store.rs:1371-1379  2fd9234448bb  lines=9
  <- docs-dev/install.md:433  :: }
crates/chat-stasher/src/store.rs:1400-1404  e915d9a10309  lines=5
  <- docs-dev/threat-model.md:565  :: }
crates/chat-stasher/src/store.rs:1549-1554  4a031ff70c84  lines=6
  <- docs-dev/install.md:442, docs-dev/install.md:532  :: pub fn backend_options(&self) -> BTreeMap<String, String> {
crates/chat-stasher/src/ui/sessions.rs:55  c1f3dff68b88  lines=1
  <- docs-dev/threat-model.md:207  :: pub(super) fn content_page(params: &Query, data: &UiData, c…
crates/chat-stasher/src/view.rs:138-150  605bc65511cd  lines=13
  <- docs-dev/threat-model.md:179  :: if status == 0 {
crates/chat-stasher/src/view.rs:158-172  042d252f1ccf  lines=15
  <- docs-dev/threat-model.md:179  :: /// Bind an ephemeral loopback listener.
crates/chat-stasher/src/view.rs:173  b5e212be96e8  lines=1
  <- docs-dev/threat-model.md:159  :: pub fn bind_ephemeral() -> std::io::Result<TcpListener> {
crates/chat-stasher/src/view.rs:180  5ac58701d728  lines=1
  <- docs-dev/threat-model.md:160  :: fn ct_eq(a: &str, b: &str) -> bool {
crates/chat-stasher/src/view.rs:256  7b4316e08fad  lines=1
  <- docs-dev/threat-model.md:160  :: pub fn route(
