# docs/citations.lock — 文档出处引用的内容锚点
#
# 由 scripts/check-citation-drift.py 生成。每条引用记录的是【被引行的内容摘要】,
# 不是行号是否越界 —— 代码被编辑后行号还在、内容已经不是当初那段, 就是这里要抓的漂移。
#
# 格式 (每条两行):
#   <被引文件>:<行范围>  <SHA-256 前12位>  lines=<行数>
#     <- <引用它的文档位置>, ...  :: <被引范围内首个非空行的前 60 字符>
#
# 摘要算法: 取该行范围, 逐行去掉首尾空白, 用换行连接, 取 SHA-256 前 12 位。
# (纯缩进调整不报警; 任何实质内容变化都会变哈希。)
#
# 默认模式只校验、不写这个文件。要接受一次真实变化, 显式跑:
#   python3 scripts/check-citation-drift.py --update

Cargo.toml:1-11  8305be735fe4  lines=11
  <- docs/install.md:99  :: [workspace]
SECURITY.md:9  381d717079a5  lines=1
  <- docs/privacy.md:415  :: **Contact: `work@team.iopho.com`.** Mail that address direc…
SECURITY.md:29-35  02cf2eee45d3  lines=7
  <- docs/privacy.md:423  :: This is a personal project with a single maintainer. **We d…
apps/extension/entrypoints/background.ts:74-75  0208ee28bf16  lines=2
  <- docs/threat-model.md:100  :: } catch { /* not JSON */ }
apps/extension/entrypoints/background.ts:106-109  ea6dcf41b9b5  lines=4
  <- docs/threat-model.md:124  :: * 对带 sessionId 的页面载荷【存在即拒收】。
apps/extension/entrypoints/background.ts:267  821b1d5235cc  lines=1
  <- docs/privacy.md:176  :: lastTickReason: lastTick?.reason ?? null,
apps/extension/entrypoints/dw-fetch-main.content.ts:13-15  0a41796be631  lines=3
  <- docs/threat-model.md:157  :: matches: CONTENT_MATCHES,
apps/extension/lib/backfill/alarm.ts:16-17  56a35b67efc6  lines=2
  <- docs/privacy.md:166  :: *
apps/extension/lib/backfill/engine.ts:39-41  3347273e53a1  lines=3
  <- docs/privacy.md:213, docs/threat-model.md:51  :: } from './types';
apps/extension/lib/backfill/engine.ts:119  6fc900aeae19  lines=1
  <- docs/privacy.md:213, docs/threat-model.md:51  :: export interface BackfillOptions {
apps/extension/lib/backfill/engine.ts:186-188  35f3a9f85ffa  lines=3
  <- docs/threat-model.md:51  :: }
apps/extension/lib/backfill/engine.ts:199  d64205539198  lines=1
  <- docs/privacy.md:207  :: export async function loadState(
apps/extension/lib/backfill/engine.ts:199-232  5d22c0e93d79  lines=34
  <- docs/threat-model.md:157, docs/threat-model.md:162  :: export async function loadState(
apps/extension/lib/backfill/engine.ts:260  f120958ca00f  lines=1
  <- docs/threat-model.md:157, docs/threat-model.md:162  :: const state = await loadState(store, opts.platform, opts.sc…
apps/extension/lib/backfill/enumerate.ts:538-548  86f91dff4cda  lines=11
  <- README.md:80, docs/install.md:75, docs/privacy.md:264, docs/threat-model.md:176  :: partial: {
apps/extension/lib/backfill/enumerate.ts:549-557  8e5a4c15a310  lines=9
  <- docs/install.md:362  :: provenance:
apps/extension/lib/backfill/enumerate.ts:603-611  8c60d57cb09f  lines=9
  <- README.md:80, docs/install.md:75, docs/privacy.md:264, docs/threat-model.md:176  :: partial: {
apps/extension/lib/backfill/enumerate.ts:612-621  753cdc1e21f2  lines=10
  <- docs/install.md:362  :: provenance:
apps/extension/lib/backfill/enumerate.ts:643  ed62fe4313f7  lines=1
  <- README.md:81, docs/install.md:55, docs/install.md:292, docs/privacy.md:221, docs/privacy.md:265, docs/threat-model.md:177, docs/threat-model.md:352  :: export const BACKFILL_UNSUPPORTED: readonly UnsupportedBack…
apps/extension/lib/backfill/enumerate.ts:762  80b37d29397d  lines=1
  <- README.md:79, docs/install.md:55, docs/install.md:292, docs/privacy.md:220, docs/privacy.md:263, docs/threat-model.md:175, docs/threat-model.md:348  :: export const BACKFILL_SUPPORTED_PLATFORMS: readonly string[…
apps/extension/lib/backfill/enumerate.ts:774  d2981a3f584b  lines=1
  <- README.md:80, docs/install.md:55, docs/install.md:292, docs/privacy.md:221, docs/privacy.md:264, docs/threat-model.md:176, docs/threat-model.md:350  :: export const BACKFILL_LIST_ONLY_PLATFORMS: readonly string[…
apps/extension/lib/backfill/pace.ts:15  960a8587cda9  lines=1
  <- docs/install.md:277  :: *  · 取正文 maxPerDay = 200（每天最多 200 条）
apps/extension/lib/backfill/pace.ts:42  5219798c7b0a  lines=1
  <- docs/install.md:277  :: export const DEFAULT_DETAIL_PACE: PacePlan = { minIntervalM…
apps/extension/lib/backfill/schedule.ts:24  3f15d79a8fc9  lines=1
  <- docs/privacy.md:165, docs/privacy.md:211  :: export const BACKFILL_ENABLED_KEY = 'cs_backfill_enabled_v1…
apps/extension/lib/backfill/schedule.ts:32  51bde443ef97  lines=1
  <- docs/install.md:281  :: export const BACKFILL_DEFAULT_ENABLED = false;
apps/extension/lib/backfill/store.ts:1-13  f5d5d1c8d73d  lines=13
  <- docs/privacy.md:284  :: /**
apps/extension/lib/backfill/tab-port.ts:51  18912c10056a  lines=1
  <- docs/privacy.md:166  :: import { getPlatformByOrigin, MAX_RAW_BYTES } from '../cont…
apps/extension/lib/backfill/types.ts:67-96  c1e7ae555afb  lines=30
  <- docs/privacy.md:167  :: /**
apps/extension/lib/backfill/types.ts:116-118  2f4a8c2a7c4e  lines=3
  <- docs/privacy.md:167  :: detail: string;
apps/extension/lib/badge.ts:22-23  764767b24f4b  lines=2
  <- docs/privacy.md:163  :: export const BADGE_KEY_LAST_AT = 'cs_last_capture_at';
apps/extension/lib/contract.ts:6-15  4b7d7cba2b21  lines=10
  <- docs/threat-model.md:210  :: /** Message names used by the page-world hook and the isola…
apps/extension/lib/contract.ts:12-15  94a00ade4738  lines=4
  <- docs/threat-model.md:211  :: * Page-world signal for an OBSERVED WebSocket frame. Delibe…
apps/extension/lib/contract.ts:53-125  94d4155fde0f  lines=73
  <- SECURITY.md:62  :: /**
apps/extension/lib/contract.ts:53-120  cdba48be9d3d  lines=68
  <- docs/threat-model.md:26  :: /**
apps/extension/lib/contract.ts:67-289  25dd16b55b7c  lines=223
  <- docs/privacy.md:78  :: export const PLATFORMS: readonly ChatPlatform[] = [
apps/extension/lib/contract.ts:69-303  5d16240d99f5  lines=235
  <- README.md:82, docs/install.md:42, docs/install.md:82  :: id: 'deepseek',
apps/extension/lib/contract.ts:69-70  a431f3590314  lines=2
  <- docs/install.md:28  :: id: 'deepseek',
apps/extension/lib/contract.ts:70  65cef6a544ee  lines=1
  <- docs/privacy.md:230  :: origins: ['https://chat.deepseek.com'],
apps/extension/lib/contract.ts:109  2e5f6f960ad0  lines=1
  <- docs/privacy.md:252  :: webSocketCapture: false,
apps/extension/lib/contract.ts:112-113  c24dbe1660b7  lines=2
  <- docs/install.md:28  :: id: 'perplexity',
apps/extension/lib/contract.ts:113-122  0ce37804acc2  lines=10
  <- docs/install.md:45  :: origins: ['https://www.perplexity.ai'],
apps/extension/lib/contract.ts:113  779465350317  lines=1
  <- docs/privacy.md:231  :: origins: ['https://www.perplexity.ai'],
apps/extension/lib/contract.ts:125  2e5f6f960ad0  lines=1
  <- docs/privacy.md:252  :: webSocketCapture: false,
apps/extension/lib/contract.ts:128-129  a46bfd3e27e8  lines=2
  <- docs/install.md:28  :: id: 'chatgpt',
apps/extension/lib/contract.ts:129  4eda2e856655  lines=1
  <- docs/privacy.md:232  :: origins: ['https://chatgpt.com', 'https://chat.openai.com'],
apps/extension/lib/contract.ts:139  a656ea77a934  lines=1
  <- docs/threat-model.md:30, docs/threat-model.md:98  :: // No shipped row observes WebSocket frames. Stated explici…
apps/extension/lib/contract.ts:141  2e5f6f960ad0  lines=1
  <- docs/privacy.md:252  :: webSocketCapture: false,
apps/extension/lib/contract.ts:144-145  760eb85ea39c  lines=2
  <- docs/install.md:28  :: id: 'gemini',
apps/extension/lib/contract.ts:145  586fc9c878ac  lines=1
  <- docs/privacy.md:233  :: origins: ['https://gemini.google.com'],
apps/extension/lib/contract.ts:157  2e5f6f960ad0  lines=1
  <- docs/privacy.md:252  :: webSocketCapture: false,
apps/extension/lib/contract.ts:160-161  2ad07a4c5b94  lines=2
  <- docs/install.md:28  :: id: 'claude',
apps/extension/lib/contract.ts:161  1f7678ac6786  lines=1
  <- docs/privacy.md:234  :: origins: ['https://claude.ai'],
apps/extension/lib/contract.ts:201-227  4dd31fb9e403  lines=27
  <- docs/threat-model.md:216  :: // Its CLAUDE.md documents the envelope as { name, model,
apps/extension/lib/contract.ts:219  2e5f6f960ad0  lines=1
  <- docs/privacy.md:252  :: webSocketCapture: false,
apps/extension/lib/contract.ts:222-231  3b05482b60a8  lines=10
  <- docs/install.md:28  :: id: 'kimi',
apps/extension/lib/contract.ts:229-252  721caeb1c991  lines=24
  <- docs/threat-model.md:215  :: // below from it, so it is deliberately NOT onboarded. Addi…
apps/extension/lib/contract.ts:231  047cc8b8ab4e  lines=1
  <- docs/privacy.md:235  :: origins: ['https://www.kimi.com'],
apps/extension/lib/contract.ts:282-291  0f3ad1e6a42a  lines=10
  <- docs/threat-model.md:102  :: // it spells the service 'kimi.chat.v1.ChatService', which …
apps/extension/lib/contract.ts:303  2e5f6f960ad0  lines=1
  <- docs/privacy.md:253  :: webSocketCapture: false,
apps/extension/lib/contract.ts:307-310  d546751426d3  lines=4
  <- docs/privacy.md:238  :: /** Content-script matches derived from the table — a close…
apps/extension/lib/contract.ts:308  d688ca0419a5  lines=1
  <- docs/privacy.md:81, docs/privacy.md:146  :: export const CONTENT_MATCHES: string[] = Array.from(
apps/extension/lib/contract.ts:322  3971c7032a4e  lines=1
  <- docs/privacy.md:250  :: export const MAX_RAW_BYTES = 4 * 1024 * 1024;
apps/extension/lib/contract.ts:324  4105353952da  lines=1
  <- docs/install.md:32  :: export const INBOX_PREFIX = 'chat-stasher/inbox';
apps/extension/lib/contract.ts:365-369  7d80d05044e2  lines=5
  <- docs/threat-model.md:189  :: function hasUsablePath(value: unknown, path: string): boole…
apps/extension/lib/contract.ts:380-400  a2a2a321279c  lines=21
  <- docs/privacy.md:249  :: export function matchesResponseShape(platform: ChatPlatform…
apps/extension/lib/contract.ts:418-433  6e947b1dfc61  lines=16
  <- docs/threat-model.md:189  :: if (typeof value.capturedAt !== 'number' || !Number.isFinit…
apps/extension/lib/contract.ts:463-479  caf48bc4f1c3  lines=17
  <- docs/privacy.md:78  :: * ADR-002 identity axis: the account, not the machine. Two …
apps/extension/lib/contract.ts:502-516  efef73d6ad8d  lines=15
  <- docs/privacy.md:249  :: export function platformForTraffic(url: string, method: str…
apps/extension/lib/contract.ts:517-519  c9f10e18e0fd  lines=3
  <- docs/install.md:47  :: * Extract a session id from URL or parsed body so the inbox…
apps/extension/lib/contract.ts:534-538  5cd9616a57dd  lines=5
  <- docs/privacy.md:177  :: try {
apps/extension/lib/contract.ts:587-602  d2a2fd7b748f  lines=16
  <- docs/privacy.md:177  :: const s = raw.trim();
apps/extension/lib/download-guard.ts:37  9b04de22d740  lines=1
  <- docs/privacy.md:164  :: export const GUARD_KEY = `cs_download_guard_v${GUARD_STATE_…
apps/extension/lib/download.ts:27-32  8958a03941fe  lines=6
  <- docs/privacy.md:283  :: /**
apps/extension/lib/download.ts:28-32  363b400c606d  lines=5
  <- docs/threat-model.md:32  :: * Zero-config delivery channel: chrome.downloads.
apps/extension/lib/download.ts:44-54  3ceebedc6586  lines=11
  <- docs/threat-model.md:206  :: *    payload re-issued under the final name. A CLI picking …
apps/extension/lib/download.ts:57-61  887dc7be59a7  lines=5
  <- docs/threat-model.md:206  :: /**
apps/extension/lib/download.ts:62-68  217061e4a608  lines=7
  <- docs/privacy.md:283  :: export async function removeDownloadedFile(id: number, what…
apps/extension/lib/download.ts:91-93  25838b9868e4  lines=3
  <- README.md:117, docs/privacy.md:82, docs/privacy.md:146, docs/privacy.md:347, docs/threat-model.md:30, docs/threat-model.md:99, docs/threat-model.md:302  :: const finalName = `${INBOX_PREFIX}/${destSlug}.json`;
apps/extension/lib/download.ts:91  adba9bb21621  lines=1
  <- docs/install.md:32, docs/install.md:301  :: const finalName = `${INBOX_PREFIX}/${destSlug}.json`;
apps/extension/lib/download.ts:117-121  19614f99d293  lines=5
  <- docs/install.md:145  :: partId = await browser.downloads.download({
apps/extension/lib/download.ts:117-135  cdfd48ebc2d7  lines=19
  <- docs/privacy.md:83  :: partId = await browser.downloads.download({
apps/extension/lib/download.ts:121  db77108ff681  lines=1
  <- docs/install.md:156  :: saveAs: false,
apps/extension/lib/download.ts:129-141  ede3d7cd77b2  lines=13
  <- docs/threat-model.md:122  :: try {
apps/extension/lib/download.ts:130-134  16ff90abd637  lines=5
  <- docs/install.md:145  :: const finalId = await browser.downloads.download({
apps/extension/lib/download.ts:134  db77108ff681  lines=1
  <- docs/install.md:156  :: saveAs: false,
apps/extension/lib/download.ts:138-139  254e7e6a91e7  lines=2
  <- docs/privacy.md:154, docs/privacy.md:200  :: await bestEffortRemove(partId, partName);
apps/extension/lib/page-hook.ts:118-125  ce770312c2a2  lines=8
  <- docs/privacy.md:274  :: const warnUnsupportedTransport = (transport: string, url: s…
apps/extension/lib/page-hook.ts:174-200  e90b641eab3f  lines=27
  <- docs/privacy.md:274  :: const xhrConstructor = pageWindow.XMLHttpRequest;
apps/extension/lib/page-hook.ts:202-214  d18c2825c959  lines=13
  <- docs/privacy.md:274  :: const eventSourceConstructor = pageWindow.EventSource;
apps/extension/lib/page-hook.ts:217  e911da669725  lines=1
  <- docs/threat-model.md:27, docs/threat-model.md:157  :: // ---- WebSocket -----------------------------------------…
apps/extension/lib/page-hook.ts:241  6e0bd9b9eb6b  lines=1
  <- docs/threat-model.md:27, docs/threat-model.md:157  :: // Binary frames are not decoded here: guessing an encoding…
apps/extension/lib/page-hook.ts:265-282  fdea4ee11e0d  lines=18
  <- docs/threat-model.md:157  :: if (
apps/extension/lib/page-hook.ts:282  693aa83597c0  lines=1
  <- docs/threat-model.md:27  :: warnUnsupportedTransport('websocket', url);
apps/extension/lib/page-hook.ts:308  b8838019dc2f  lines=1
  <- docs/privacy.md:76  :: const originalFetch = window.fetch.bind(window);
apps/extension/lib/page-hook.ts:332  c2a5f81a7761  lines=1
  <- docs/privacy.md:76, docs/privacy.md:119, docs/privacy.md:198  :: const text = await response.clone().text();
apps/extension/lib/page-hook.ts:356-373  c97cffb00fa6  lines=18
  <- docs/privacy.md:76, docs/privacy.md:119, docs/privacy.md:198  :: const hookedFetch: typeof window.fetch = async (input, init…
apps/extension/lib/popup-view.ts:271  822e6ab6a604  lines=1
  <- README.md:82, docs/install.md:79  :: function stampOf(at: number): string {
apps/extension/package.json:4  3aa57759f9e4  lines=1
  <- docs/install.md:296  :: "private": true,
apps/extension/package.json:10-11  399cf17b824a  lines=2
  <- docs/install.md:127  :: "build": "wxt build",
apps/extension/package.json:10-13  a1f981eadaba  lines=4
  <- docs/install.md:297  :: "build": "wxt build",
apps/extension/package.json:15  7da79dd35521  lines=1
  <- docs/install.md:131  :: "test": "vitest run",
apps/extension/wxt.config.ts:14-21  0608313ea898  lines=8
  <- docs/threat-model.md:400  :: // permission to expose chrome.storage at all. We have NOT …
apps/extension/wxt.config.ts:22  a2c2339691fc  lines=1
  <- docs/threat-model.md:51  :: //
apps/extension/wxt.config.ts:23-32  6a9ff4db9b4f  lines=10
  <- docs/privacy.md:285  :: // Why 'alarms' is here (C19): the backfill leg used to be …
apps/extension/wxt.config.ts:35  c0695c2c0643  lines=1
  <- docs/install.md:30  :: // as a same-origin request in the user's own logged-in pag…
apps/extension/wxt.config.ts:36  4eee42598e9b  lines=1
  <- docs/privacy.md:112, docs/privacy.md:279, docs/privacy.md:302  :: permissions: ['downloads', 'storage', 'alarms'],
apps/extension/wxt.config.ts:51  84787b717b3c  lines=1
  <- docs/privacy.md:128  :: data_collection_permissions: { required: ['none'] },
crates/chat-stasher/Cargo.toml:1-6  7acd0b20a508  lines=6
  <- docs/install.md:99  :: [package]
crates/chat-stasher/Cargo.toml:3  f5efcadb7997  lines=1
  <- SECURITY.md:48  :: version = "0.1.0"
crates/chat-stasher/Cargo.toml:5  53a903362b38  lines=1
  <- README.md:85  :: description = "Append-only archive for every LLM conversati…
crates/chat-stasher/Cargo.toml:8-24  b86e378e0290  lines=17
  <- docs/threat-model.md:364  :: [dependencies]
crates/chat-stasher/Cargo.toml:14-15  4a5b59a2acb8  lines=2
  <- docs/threat-model.md:51, docs/threat-model.md:69, docs/threat-model.md:366  :: rustic_core = { version = "=0.12.0" }
crates/chat-stasher/Cargo.toml:21  f6c7a40dd8b1  lines=1
  <- docs/threat-model.md:366  :: rusqlite = { version = "=0.32.1", features = ["bundled"] }
crates/chat-stasher/src/config.rs:15  77df992f9b24  lines=1
  <- docs/install.md:112  :: pub const CONFIG_RELATIVE_PATH: &str = "chat-stasher/config…
crates/chat-stasher/src/config.rs:90-98  b277e7f6b817  lines=9
  <- docs/threat-model.md:51  :: /// File that holds the persisted masterkey (`Credentials::…
crates/chat-stasher/src/config.rs:96  732c4e971163  lines=1
  <- docs/privacy.md:184  :: ///
crates/chat-stasher/src/config.rs:97-98  769c1cfa2a9b  lines=2
  <- docs/threat-model.md:69  :: /// rustic's read side fans out to ~CPU cores by default; t…
crates/chat-stasher/src/config.rs:153-161  5fd8aff0da73  lines=9
  <- docs/install.md:112  :: /// Decided default archive cadence: hourly.
crates/chat-stasher/src/destinit.rs:57-72  9da3f5cced7a  lines=16
  <- docs/threat-model.md:285  :: //! Skipping the ones that are not there is worse, though, …
crates/chat-stasher/src/destinit.rs:104-118  4e3ae691d5bc  lines=15
  <- docs/threat-model.md:282  :: /// `false` — which this module then used as *evidence* tha…
crates/chat-stasher/src/destinit.rs:387-395  d2438d975abb  lines=9
  <- docs/threat-model.md:282  :: Ok(true) => continue,
crates/chat-stasher/src/main.rs:25  51c934204980  lines=1
  <- README.md:3, docs/install.md:22  :: about = "Append-only archive for every LLM conversation, ac…
crates/chat-stasher/src/main.rs:36-490  937687c09a2d  lines=455
  <- README.md:38, docs/install.md:268, docs/privacy.md:332, docs/threat-model.md:325  :: enum Command {
crates/chat-stasher/src/main.rs:36-41  09b2b9b1fe30  lines=6
  <- docs/install.md:205  :: enum Command {
crates/chat-stasher/src/main.rs:37-38  6f7da3119197  lines=2
  <- README.md:40, docs/install.md:110, docs/install.md:330  :: /// Write a commented default config if none exists (non-de…
crates/chat-stasher/src/main.rs:39-43  8ead3b465844  lines=5
  <- README.md:41  :: /// Collect one pass, push only when configured and changed…
crates/chat-stasher/src/main.rs:44-76  2f9ff1e0e3ed  lines=33
  <- README.md:69  :: RunOnce {
crates/chat-stasher/src/main.rs:64-66  14abb7b20a11  lines=3
  <- docs/install.md:259  :: /// Concurrency cap override.
crates/chat-stasher/src/main.rs:77-94  ea5c819da63f  lines=18
  <- README.md:42, docs/install.md:202, docs/threat-model.md:75  :: /// Render a launchd plist or systemd user service/timer; n…
crates/chat-stasher/src/main.rs:77  b2a969a3e60c  lines=1
  <- docs/install.md:201, docs/install.md:309  :: /// Render a launchd plist or systemd user service/timer; n…
crates/chat-stasher/src/main.rs:95-132  00e17d14439e  lines=38
  <- README.md:43, README.md:65, README.md:69, docs/privacy.md:89, docs/threat-model.md:38  :: /// Move a batch of sealed session shards into the rustic r…
crates/chat-stasher/src/main.rs:98-99  ea3cf9fc8bab  lines=2
  <- docs/threat-model.md:118  :: /// `sessions/<machine>/<session>/{NNNNNN}.jsonl`. Creates …
crates/chat-stasher/src/main.rs:101-103  d615bb3625c6  lines=3
  <- README.md:14  :: /// Stage directory holding the sealed shard tree.
crates/chat-stasher/src/main.rs:118-120  37f577c5675f  lines=3
  <- docs/install.md:187  :: /// Machine name for the path partition + snapshot host.
crates/chat-stasher/src/main.rs:123-125  48a1c0cd5e3d  lines=3
  <- docs/install.md:259  :: /// Concurrency cap override (default: config `rustic_conne…
crates/chat-stasher/src/main.rs:133-162  ce72700ebfd0  lines=30
  <- README.md:44, README.md:55  :: /// Is the scheduled archive actually working? Plus what th…
crates/chat-stasher/src/main.rs:136-146  925ed8e73977  lines=11
  <- docs/threat-model.md:252  :: /// The first line answers the question the timer cannot: i…
crates/chat-stasher/src/main.rs:147-154  8ed79bad9684  lines=8
  <- README.md:61, README.md:67  :: /// Never prints session content: counts, timestamps and di…
crates/chat-stasher/src/main.rs:155-159  46e0d7b8c5cf  lines=5
  <- docs/install.md:245  :: /// `--sessions` adds the per-session metadata table on top…
crates/chat-stasher/src/main.rs:163-207  40eeda0e77ca  lines=45
  <- README.md:45, README.md:65  :: /// Dump one session back from the repository (sequence-con…
crates/chat-stasher/src/main.rs:163-165  d6a7594728aa  lines=3
  <- README.md:67, README.md:114, docs/threat-model.md:328  :: /// Dump one session back from the repository (sequence-con…
crates/chat-stasher/src/main.rs:163-174  558c32a491a0  lines=12
  <- docs/install.md:269  :: /// Dump one session back from the repository (sequence-con…
crates/chat-stasher/src/main.rs:183-185  98fe98a46627  lines=3
  <- docs/install.md:187  :: /// Machine partition to read. Uses this machine's id when …
crates/chat-stasher/src/main.rs:198-200  14abb7b20a11  lines=3
  <- docs/install.md:259  :: /// Concurrency cap override.
crates/chat-stasher/src/main.rs:208-209  73cf6412a398  lines=2
  <- README.md:32, README.md:62  :: /// Diagnostic: does any harness on this machine silently d…
crates/chat-stasher/src/main.rs:208-210  b954bd10e0b5  lines=3
  <- README.md:46  :: /// Diagnostic: does any harness on this machine silently d…
crates/chat-stasher/src/main.rs:211-249  5e1d592276fe  lines=39
  <- README.md:47, README.md:65  :: /// Prove the archive is intact. Three independently runnab…
crates/chat-stasher/src/main.rs:211-215  ee5d778281f8  lines=5
  <- docs/threat-model.md:275, docs/threat-model.md:418  :: /// Prove the archive is intact. Three independently runnab…
crates/chat-stasher/src/main.rs:226-228  1d1325e93c3c  lines=3
  <- docs/install.md:187  :: /// Machine partition (default: this machine's normalised h…
crates/chat-stasher/src/main.rs:250-294  49b9f8155996  lines=45
  <- README.md:48  :: /// Initialise a new destination as a *full extra copy* (AD…
crates/chat-stasher/src/main.rs:250-260  476f93384f10  lines=11
  <- docs/threat-model.md:336  :: /// Initialise a new destination as a *full extra copy* (AD…
crates/chat-stasher/src/main.rs:258-260  18ee3d49177a  lines=3
  <- docs/threat-model.md:339  :: /// A source destination that cannot be consulted makes the…
crates/chat-stasher/src/main.rs:295-345  55e12ad77963  lines=51
  <- README.md:49  :: /// Search one destination's archive by session metadata.
crates/chat-stasher/src/main.rs:312-333  befcdfec7b78  lines=22
  <- docs/threat-model.md:35  :: /// Destination to search. Required unless an explicit `--r…
crates/chat-stasher/src/main.rs:346-401  00566b483d19  lines=56
  <- README.md:50  :: /// Open an ephemeral local web view of one destination's s…
crates/chat-stasher/src/main.rs:402-424  1c75ca9253d4  lines=23
  <- README.md:51, README.md:63, README.md:77, docs/privacy.md:86  :: /// Consume ext inbox bundles into sealed staging shards.
crates/chat-stasher/src/main.rs:402-408  fd5b13cddc0c  lines=7
  <- docs/privacy.md:328  :: /// Consume ext inbox bundles into sealed staging shards.
crates/chat-stasher/src/main.rs:408  3c399769ec18  lines=1
  <- README.md:67  :: /// bytes are never archived twice. Prints paths/counts/sha…
crates/chat-stasher/src/main.rs:425-460  4b1fd52a9ae2  lines=36
  <- README.md:52  :: /// Read every scanner session returned by `status` into ou…
crates/chat-stasher/src/main.rs:427  cf775be2a229  lines=1
  <- docs/install.md:23  :: /// Harness sources are opened read-only. File-backed JSONL…
crates/chat-stasher/src/main.rs:428-430  ef38163dfe5f  lines=3
  <- docs/threat-model.md:257  :: /// durable byte offset plus committed-prefix SHA-256; open…
crates/chat-stasher/src/main.rs:461-490  dfae39027ec9  lines=30
  <- README.md:53  :: /// Seal one file already inside our stage into the next se…
crates/chat-stasher/src/main.rs:461-470  3a9bd19f714b  lines=10
  <- README.md:64, README.md:83  :: /// Seal one file already inside our stage into the next se…
crates/chat-stasher/src/main.rs:1080-1095  917c9755bf09  lines=16
  <- docs/threat-model.md:286  :: eprintln!(
crates/chat-stasher/src/main.rs:1198-1240  1c9eca156a7a  lines=43
  <- docs/threat-model.md:336  :: fn cmd_dest_init(
crates/chat-stasher/src/main.rs:1430-1440  3f2482398b40  lines=11
  <- docs/threat-model.md:339  :: // what would be pushed, so the operation did not finish.
crates/chat-stasher/src/main.rs:1818-1831  9f31a7459a26  lines=14
  <- SECURITY.md:67  :: connections,
crates/chat-stasher/src/main.rs:2352-2360  564831540193  lines=9
  <- docs/install.md:248  :: "cannot read masterkey file {}: {error:#}; do not delete th…
crates/chat-stasher/src/main.rs:2542-2545  c9497ae1c7b9  lines=4
  <- docs/threat-model.md:118  :: let (mk, key_was_new) = match masterkey(&cfg) {
crates/chat-stasher/src/main.rs:2700-2735  a14a3629f5cb  lines=36
  <- README.md:67, README.md:114, docs/threat-model.md:328  :: };
crates/chat-stasher/src/main.rs:2701  bd3e823340c6  lines=1
  <- docs/install.md:218  :: println!("[read] machine        : {machine}");
crates/chat-stasher/src/main.rs:2724  4aed6585b0e2  lines=1
  <- docs/install.md:218, docs/install.md:222  :: "[read] concat len      : {}  sha256={}",
crates/chat-stasher/src/main.rs:2771  0e752a9d643b  lines=1
  <- docs/install.md:218  :: println!(
crates/chat-stasher/src/main.rs:2792-2818  286e6fa0e9b9  lines=27
  <- docs/install.md:236  :: // completion, so this is "did not finish", not "read it al…
crates/chat-stasher/src/main.rs:2801-2818  47347b4e4167  lines=18
  <- docs/threat-model.md:273  :: /// `verify` — prove the archive is intact, level by level.…
crates/chat-stasher/src/main.rs:2804-2818  997b26f99de0  lines=15
  <- docs/threat-model.md:418  :: fn cmd_verify(
crates/chat-stasher/src/main.rs:3191-3195  fd23d06d2570  lines=5
  <- docs/install.md:248  :: let result = masterkey(&config).unwrap();
crates/chat-stasher/src/main.rs:3213-3260  a5745df66b4f  lines=48
  <- docs/threat-model.md:252  :: fn cmd_status(sessions: bool) -> ExitCode {
crates/chat-stasher/src/reap.rs:1-12  f3c5250f1f63  lines=12
  <- docs/threat-model.md:69, docs/threat-model.md:232  :: //! Connection reaping for remote SSH backends.
crates/chat-stasher/src/runstate.rs:1-11  b6e42ac08f3e  lines=11
  <- docs/install.md:337  :: //! Timer-visibility state: what happened on the last `run-…
crates/chat-stasher/src/runstate.rs:184-232  ea098b2d3b0a  lines=49
  <- docs/install.md:223  :: /// false → `status` must exit non-zero.
crates/chat-stasher/src/runstate.rs:186-192  525f5b894e82  lines=7
  <- docs/install.md:339  :: }
crates/chat-stasher/src/sqlite_probe.rs:23-29  fa32ad6c5dbc  lines=7
  <- SECURITY.md:64, docs/threat-model.md:249  :: //! Read-only guarantee: every connection opens with `mode=…
crates/chat-stasher/src/sqlite_probe.rs:1062-1065  963d23edee85  lines=4
  <- SECURITY.md:65, docs/threat-model.md:247  :: };
crates/chat-stasher/src/sqlite_probe.rs:1621-1625  bb2523e61fbd  lines=5
  <- docs/threat-model.md:250  :: let db_len = fs::metadata(&db).unwrap().len();
crates/chat-stasher/src/store.rs:2-3  1375b706fba2  lines=2
  <- docs/privacy.md:402  :: //! moved into an append-only rustic repository.
crates/chat-stasher/src/store.rs:271  3a9df73c7279  lines=1
  <- docs/privacy.md:90, docs/privacy.md:186, docs/privacy.md:199, docs/privacy.md:315  :: .to_indexed()
crates/chat-stasher/src/store.rs:271-330  b24c0638786c  lines=60
  <- docs/threat-model.md:69, docs/threat-model.md:232  :: .to_indexed()
crates/chat-stasher/src/store.rs:813-815  a92336dc9006  lines=3
  <- README.md:112, docs/install.md:191, docs/install.md:273, docs/threat-model.md:140, docs/threat-model.md:314  :: for child in fs::read_dir(&path)? {
crates/chat-stasher/src/store.rs:813-831  dbb2284ab259  lines=19
  <- docs/threat-model.md:69  :: for child in fs::read_dir(&path)? {
crates/chat-stasher/src/store.rs:824-825  acd81481a693  lines=2
  <- docs/install.md:193  :: Ok(out)
crates/chat-stasher/src/store.rs:834-841  0be67ccc1a98  lines=8
  <- README.md:112, docs/threat-model.md:316  :: /// `dirs::cache_dir()/rustic` (rustic_core-0.12.0 `src/bac…
crates/chat-stasher/src/store.rs:834-869  81dd0a3ee9cb  lines=36
  <- docs/privacy.md:186, docs/privacy.md:365  :: /// `dirs::cache_dir()/rustic` (rustic_core-0.12.0 `src/bac…
crates/chat-stasher/src/store.rs:847-868  6544f2f31d98  lines=22
  <- docs/privacy.md:368  :: pub fn rustic_cache_roots() -> Vec<PathBuf> {
crates/chat-stasher/src/store.rs:871-877  fb6bea4325c3  lines=7
  <- docs/privacy.md:365  :: /// NotFound from an existing file that could not be read o…
crates/chat-stasher/src/store.rs:917-983  5461ec5f3ae6  lines=67
  <- docs/threat-model.md:111, docs/threat-model.md:308  :: pub fn persist_key_file(cfg: &StoreConfig, mk: &MasterKey) …
data/harness-registry-v1.json:28  c1cb0cdeb17c  lines=1
  <- README.md:10, README.md:76  :: "notes": "Windows 走 %USERPROFILE%，不是 %APPDATA%\\Claude。Wind…
data/harness-registry-v1.json:55-57  6edc011f5728  lines=3
  <- README.md:83  :: "env_override": "CODEX_HOME",
data/harness-registry-v1.json:64-85  2491c40f301e  lines=22
  <- README.md:11  :: "confidence": "源码确认",
data/harness-registry-v1.json:117-139  5cca49889701  lines=23
  <- README.md:75  :: "license": "Apache-2.0",
data/harness-registry-v1.json:225-247  e85357b856d3  lines=23
  <- README.md:75  :: "linux": {
scripts/release-gate.sh:2-3  44aa3a8e0acf  lines=2
  <- README.md:85  :: #
scripts/release-gate.sh:3-21  75d1ecc09a7a  lines=19
  <- README.md:84  :: # release-gate.sh — one command that runs the whole chat-st…
