# docs/citations.lock — 文档出处引用的内容锚点
#
# 由 scripts/check-citation-drift.py 生成。每条引用记录的是【被引行的内容摘要】,
# 不是行号是否越界 —— 代码被编辑后行号还在、内容已经不是当初那段, 就是这里要抓的漂移。
#
# 格式 (每条两行):
#   <被引文件>:<行范围>  <SHA-256 前12位>  lines=<行数>
#     <- <引用它的文档位置>, ...  :: <被引范围内首个非空行的前 60 字符>
#
# 摘要算法: 取该行范围, 逐行去掉首尾空白, 用换行连接, 取 SHA-256 前 12 位。
# (纯缩进调整不报警; 任何实质内容变化都会变哈希。)
#
# 默认模式只校验、不写这个文件。要接受一次真实变化, 显式跑:
#   python3 scripts/check-citation-drift.py --update

Cargo.toml:1-11  8305be735fe4  lines=11
  <- docs/install.md:132  :: [workspace]
SECURITY.md:9  381d717079a5  lines=1
  <- docs/privacy.md:475  :: **Contact: `work@team.iopho.com`.** Mail that address direc…
SECURITY.md:29-35  02cf2eee45d3  lines=7
  <- docs/privacy.md:483  :: This is a personal project with a single maintainer. **We d…
apps/extension/entrypoints/background.ts:104-132  30c84e84ef5b  lines=29
  <- docs/privacy.md:177, docs/threat-model.md:109  :: function buildBundle(captured: CapturedFetch): InboxBundle {
apps/extension/entrypoints/background.ts:119-121  36c85931504a  lines=3
  <- docs/threat-model.md:208  :: // ADR-002: the dedupe axis is the ACCOUNT. `sessionId` gua…
apps/extension/entrypoints/background.ts:160-177  41d87a302a6d  lines=18
  <- README.md:158, docs/privacy.md:98, docs/threat-model.md:32  :: // 🔴 ADR-025 §10 · **write-ahead**: get it into the outbox …
apps/extension/entrypoints/background.ts:370-377  185eedd6b024  lines=8
  <- docs/install.md:207  :: export async function hostStatusForPopup(): Promise<HostSta…
apps/extension/entrypoints/background.ts:529-560  ba11586c9ffe  lines=32
  <- docs/privacy.md:222  :: * 🔴 What about scope (the account identifier): **it records…
apps/extension/entrypoints/background.ts:571-590  b0901302e63f  lines=20
  <- docs/privacy.md:214  :: export function backfillTargetFor(
apps/extension/entrypoints/background.ts:589  6539997ed831  lines=1
  <- docs/privacy.md:216  :: return { platform: row.id, origin, scope: identity.value ||…
apps/extension/entrypoints/dw-bridge.content.ts:193-219  119bab292d93  lines=27
  <- docs/privacy.md:85, docs/threat-model.md:173  :: const seenGate = createSeenGate(15_000);
apps/extension/entrypoints/dw-fetch-main.content.ts:13-15  0a41796be631  lines=3
  <- docs/threat-model.md:165  :: matches: CONTENT_MATCHES,
apps/extension/lib/backfill/alarm.ts:16-18  96f2d93f9819  lines=3
  <- docs/privacy.md:338  :: * In Chrome's permission-warning list, `alarms` — like `sto…
apps/extension/lib/backfill/alarm.ts:106  b9377ab9524d  lines=1
  <- docs/privacy.md:202  :: export const BACKFILL_TARGETS_KEY = 'cs_backfill_targets_v1…
apps/extension/lib/backfill/engine.ts:75-78  5cfeee9f2531  lines=4
  <- docs/privacy.md:255, docs/threat-model.md:60  :: /** The default port: it blows up on purpose. Not wired ⇒ n…
apps/extension/lib/backfill/engine.ts:275  4e88764df1da  lines=1
  <- docs/privacy.md:249  :: export async function runBackfill(opts: BackfillOptions): P…
apps/extension/lib/backfill/engine.ts:441-463  513c7e30d686  lines=23
  <- docs/threat-model.md:165, docs/threat-model.md:179  :: ? `list cursor=${state.enumCursor.cursor ?? 'first-page'} (…
apps/extension/lib/backfill/engine.ts:577-599  5d8325cfb425  lines=23
  <- docs/threat-model.md:165, docs/threat-model.md:179  :: while (state.pending.length > 0) {
apps/extension/lib/backfill/enumerate.ts:545-556  f8f1ed0d6f5f  lines=12
  <- README.md:118, docs/install.md:104, docs/install.md:599, docs/privacy.md:307, docs/threat-model.md:193  :: // Provenance: **no external source**. This set is the "fac…
apps/extension/lib/backfill/enumerate.ts:630-640  c42275b87e63  lines=11
  <- README.md:118, docs/install.md:104, docs/install.md:599, docs/privacy.md:307, docs/threat-model.md:193  :: missing: [
apps/extension/lib/backfill/enumerate.ts:752  ed62fe4313f7  lines=1
  <- README.md:119, docs/install.md:78, docs/install.md:513, docs/privacy.md:263, docs/privacy.md:308, docs/threat-model.md:194, docs/threat-model.md:421  :: export const BACKFILL_UNSUPPORTED: readonly UnsupportedBack…
apps/extension/lib/backfill/enumerate.ts:880-886  b0b623ad6b49  lines=7
  <- README.md:117, docs/install.md:78, docs/install.md:513, docs/privacy.md:262, docs/privacy.md:306, docs/threat-model.md:192, docs/threat-model.md:417  :: export const BACKFILL_SUPPORTED_PLATFORMS: readonly string[…
apps/extension/lib/backfill/enumerate.ts:894-900  be15b15a0991  lines=7
  <- README.md:118, docs/install.md:78, docs/install.md:513, docs/privacy.md:263, docs/privacy.md:307, docs/threat-model.md:193, docs/threat-model.md:419  :: export const BACKFILL_LIST_ONLY_PLATFORMS: readonly string[…
apps/extension/lib/backfill/pace.ts:16-22  b558425f257e  lines=7
  <- docs/install.md:493  :: *  · detail minIntervalMs = 20000 (one conversation every 2…
apps/extension/lib/backfill/pace.ts:49  5219798c7b0a  lines=1
  <- docs/install.md:492  :: export const DEFAULT_DETAIL_PACE: PacePlan = { minIntervalM…
apps/extension/lib/backfill/schedule.ts:29  3f15d79a8fc9  lines=1
  <- docs/privacy.md:201, docs/privacy.md:253  :: export const BACKFILL_ENABLED_KEY = 'cs_backfill_enabled_v1…
apps/extension/lib/backfill/schedule.ts:40  51bde443ef97  lines=1
  <- docs/install.md:497  :: export const BACKFILL_DEFAULT_ENABLED = false;
apps/extension/lib/backfill/store.ts:18-21  64ed584c21c0  lines=4
  <- docs/privacy.md:331  :: export interface BackfillStore {
apps/extension/lib/backfill/store.ts:57-61  2e0aa0f7380f  lines=5
  <- docs/privacy.md:331  :: function localArea(): LocalArea | null {
apps/extension/lib/backfill/tab-port.ts:88  118cc6173392  lines=1
  <- docs/privacy.md:202  :: export const BACKFILL_TABS_KEY = 'cs_backfill_tabs_v1';
apps/extension/lib/backfill/tab-port.ts:212-250  d6c89fb0f88a  lines=39
  <- docs/threat-model.md:60  :: export function checkBackfillRequest(
apps/extension/lib/backfill/types.ts:171-200  b379d801d379  lines=30
  <- docs/privacy.md:203  :: export interface BackfillState {
apps/extension/lib/backfill/types.ts:248-269  bb4a6e5ffd1d  lines=22
  <- docs/privacy.md:203  :: export function initialState(platform: string, scope: strin…
apps/extension/lib/badge.ts:46-73  2a78b91d66d3  lines=28
  <- docs/install.md:214  :: export function badgeFor(state: OutboxSummary | null): Badg…
apps/extension/lib/contract.ts:6-17  f8982bbfae14  lines=12
  <- docs/threat-model.md:223  :: /** Message names used by the page-world hook and the isola…
apps/extension/lib/contract.ts:19-21  212496897aef  lines=3
  <- docs/threat-model.md:224  :: export const PAGE_HOOK_VERSION = 'v1';
apps/extension/lib/contract.ts:41-66  efcfd4acfdd7  lines=26
  <- SECURITY.md:62, docs/threat-model.md:26  :: export interface ChatPlatform {
apps/extension/lib/contract.ts:67-313  6814744abb14  lines=247
  <- README.md:120, docs/install.md:62, docs/install.md:114, docs/privacy.md:79  :: export const PLATFORMS: readonly ChatPlatform[] = [
apps/extension/lib/contract.ts:70  65cef6a544ee  lines=1
  <- docs/install.md:32, docs/privacy.md:272  :: origins: ['https://chat.deepseek.com'],
apps/extension/lib/contract.ts:117  2e5f6f960ad0  lines=1
  <- docs/privacy.md:295  :: webSocketCapture: false,
apps/extension/lib/contract.ts:120-135  3aa663227716  lines=16
  <- docs/install.md:65  :: id: 'perplexity',
apps/extension/lib/contract.ts:121  779465350317  lines=1
  <- docs/install.md:32, docs/privacy.md:273  :: origins: ['https://www.perplexity.ai'],
apps/extension/lib/contract.ts:132  2232525a5377  lines=1
  <- docs/install.md:66  :: sessionIdPatterns: [],
apps/extension/lib/contract.ts:135  2e5f6f960ad0  lines=1
  <- docs/privacy.md:295  :: webSocketCapture: false,
apps/extension/lib/contract.ts:139  4eda2e856655  lines=1
  <- docs/install.md:32, docs/privacy.md:274  :: origins: ['https://chatgpt.com', 'https://chat.openai.com'],
apps/extension/lib/contract.ts:151  2e5f6f960ad0  lines=1
  <- docs/privacy.md:295  :: webSocketCapture: false,
apps/extension/lib/contract.ts:155  586fc9c878ac  lines=1
  <- docs/install.md:32, docs/privacy.md:275  :: origins: ['https://gemini.google.com'],
apps/extension/lib/contract.ts:167  2e5f6f960ad0  lines=1
  <- docs/privacy.md:295  :: webSocketCapture: false,
apps/extension/lib/contract.ts:171  1f7678ac6786  lines=1
  <- docs/install.md:32, docs/privacy.md:276  :: origins: ['https://claude.ai'],
apps/extension/lib/contract.ts:229  2e5f6f960ad0  lines=1
  <- docs/privacy.md:295  :: webSocketCapture: false,
apps/extension/lib/contract.ts:241  047cc8b8ab4e  lines=1
  <- docs/install.md:32, docs/privacy.md:277  :: origins: ['https://www.kimi.com'],
apps/extension/lib/contract.ts:313  2e5f6f960ad0  lines=1
  <- docs/privacy.md:296  :: webSocketCapture: false,
apps/extension/lib/contract.ts:318-320  748a234ceca6  lines=3
  <- SECURITY.md:62, docs/privacy.md:280, docs/threat-model.md:26  :: export const CONTENT_MATCHES: string[] = Array.from(
apps/extension/lib/contract.ts:340  93f15da49cac  lines=1
  <- docs/privacy.md:293  :: export const MAX_RAW_BYTES = 16 * 1024 * 1024;
apps/extension/lib/contract.ts:404-423  9e2aaed71d47  lines=20
  <- docs/privacy.md:291  :: export function matchesResponseShape(platform: ChatPlatform…
apps/extension/lib/contract.ts:425-453  3366467c8a9a  lines=29
  <- docs/privacy.md:79  :: export function isCapturedFetchShape(value: unknown): value…
apps/extension/lib/contract.ts:425-458  7a11fcf08955  lines=34
  <- docs/threat-model.md:233  :: export function isCapturedFetchShape(value: unknown): value…
apps/extension/lib/contract.ts:460-483  4bb790a96bb6  lines=24
  <- docs/threat-model.md:232  :: export function isMainReadyMessage(
apps/extension/lib/contract.ts:490-503  96b568123bd8  lines=14
  <- docs/threat-model.md:206  :: * ADR-002 identity axis: the account, not the machine. Two …
apps/extension/lib/contract.ts:529-537  1976cb2c56af  lines=9
  <- docs/privacy.md:291  :: export function platformForTraffic(url: string, method: str…
apps/extension/lib/contract.ts:547-575  6b7d59562892  lines=29
  <- docs/install.md:68  :: export function extractSessionId(url: string, text: string,…
apps/extension/lib/contract.ts:649-665  61ac9dc62d25  lines=17
  <- docs/privacy.md:215, docs/threat-model.md:206  :: export function extractIdentity(text: string, sessionId: st…
apps/extension/lib/host-status.ts:24-53  8037bbe82900  lines=30
  <- docs/privacy.md:204  :: export const HOST_STATUS_KEY = 'cs_native_host_status_v1';
apps/extension/lib/host-status.ts:89-113  f8682e917e91  lines=25
  <- docs/privacy.md:204  :: export function toRecord(
apps/extension/lib/native-host.ts:30  9da915f38ab1  lines=1
  <- docs/privacy.md:103, docs/threat-model.md:60  :: export const NATIVE_HOST_NAME = 'com.chat_stasher.host';
apps/extension/lib/native-host.ts:431-481  2666d8d980c9  lines=51
  <- docs/privacy.md:103, docs/threat-model.md:38  :: export async function deliver(name: string, payload: string…
apps/extension/lib/native-host.ts:451-460  d19b8c8b9924  lines=10
  <- docs/install.md:46, docs/privacy.md:109, docs/threat-model.md:41, docs/threat-model.md:282  :: const classified = classify(outcome, (value) => {
apps/extension/lib/outbox-alarm.ts:20-46  175432e0734b  lines=27
  <- docs/privacy.md:332  :: export const OUTBOX_ALARM_NAME = 'cs-outbox-retry';
apps/extension/lib/outbox.ts:34-37  8427e3c8b640  lines=4
  <- docs/privacy.md:94, docs/threat-model.md:227  :: export const OUTBOX_DB_NAME = 'chat-stasher-outbox';
apps/extension/lib/outbox.ts:53  470e33d97b7b  lines=1
  <- docs/privacy.md:333  :: export const OUTBOX_CAPACITY_BYTES = 256 * 1024 * 1024;
apps/extension/lib/outbox.ts:59-60  4fcc6c08ee3e  lines=2
  <- docs/privacy.md:205  :: /** Where the last export happened. Written by the popup, r…
apps/extension/lib/outbox.ts:64-80  4526f8ad144c  lines=17
  <- docs/privacy.md:178, docs/privacy.md:403, docs/threat-model.md:107  :: export interface OutboxEntry {
apps/extension/lib/outbox.ts:309-377  c7adb6b1fdc6  lines=69
  <- README.md:157, docs/install.md:526, docs/privacy.md:95, docs/privacy.md:178, docs/privacy.md:403, docs/threat-model.md:31, docs/threat-model.md:107, docs/threat-model.md:370  :: export async function enqueue(
apps/extension/lib/outbox.ts:379-394  abd4cf39ad63  lines=16
  <- README.md:157, docs/install.md:49, docs/install.md:526, docs/privacy.md:110, docs/privacy.md:382, docs/threat-model.md:111, docs/threat-model.md:370  :: /** 🔴 The only deletion in this module. Callers must hold a…
apps/extension/lib/outbox.ts:439-475  7adf517c3771  lines=37
  <- docs/install.md:222, docs/privacy.md:188  :: * §8 file name: `chat-stasher-export-<UTC yyyymmddThhmmssZ>…
apps/extension/lib/outbox.ts:442-446  793690884dfe  lines=5
  <- docs/threat-model.md:132  :: export function exportFilename(at: number): string {
apps/extension/lib/outbox.ts:457-464  eaa2acf05ef9  lines=8
  <- docs/install.md:236  :: /**
apps/extension/lib/outbox.ts:465-475  12ea3db028e8  lines=11
  <- docs/privacy.md:242, docs/threat-model.md:116  :: export function buildExportFile(entries: readonly OutboxEnt…
apps/extension/lib/outbox.ts:477-501  fe9cbdf9b144  lines=25
  <- docs/privacy.md:205  :: export interface LastExport {
apps/extension/lib/page-hook.ts:125-132  ce770312c2a2  lines=8
  <- docs/privacy.md:320  :: const warnUnsupportedTransport = (transport: string, url: s…
apps/extension/lib/page-hook.ts:187-227  27217164e88f  lines=41
  <- docs/privacy.md:317  :: const captureCandidate = (rawUrl: string, method: string, s…
apps/extension/lib/page-hook.ts:205  89c8124c5ce8  lines=1
  <- docs/privacy.md:293  :: console.warn('[chat-stasher] capture skipped: response exce…
apps/extension/lib/page-hook.ts:261-266  ca79e5302131  lines=6
  <- docs/privacy.md:319  :: if (type === '' || type === 'text') {
apps/extension/lib/page-hook.ts:267-270  6ae7abf10cbd  lines=4
  <- docs/privacy.md:320  :: if (text === null) {
apps/extension/lib/page-hook.ts:281-293  b3ff4b9bcb73  lines=13
  <- docs/privacy.md:321  :: const eventSourceConstructor = pageWindow.EventSource;
apps/extension/lib/page-hook.ts:295  e911da669725  lines=1
  <- docs/threat-model.md:27, docs/threat-model.md:165  :: // ---- WebSocket -----------------------------------------…
apps/extension/lib/page-hook.ts:319  6e0bd9b9eb6b  lines=1
  <- docs/threat-model.md:27, docs/threat-model.md:165  :: // Binary frames are not decoded here: guessing an encoding…
apps/extension/lib/page-hook.ts:343-360  fdea4ee11e0d  lines=18
  <- docs/threat-model.md:165  :: if (
apps/extension/lib/page-hook.ts:360  693aa83597c0  lines=1
  <- docs/threat-model.md:27  :: warnUnsupportedTransport('websocket', url);
apps/extension/lib/page-hook.ts:386  b8838019dc2f  lines=1
  <- docs/privacy.md:77  :: const originalFetch = window.fetch.bind(window);
apps/extension/lib/page-hook.ts:406-411  179b81cc05cf  lines=6
  <- docs/privacy.md:84, docs/threat-model.md:172  :: const paged = platform && platform.id === 'chatgpt' && pars…
apps/extension/lib/page-hook.ts:425  c2a5f81a7761  lines=1
  <- docs/privacy.md:77, docs/privacy.md:149, docs/privacy.md:240  :: const text = await response.clone().text();
apps/extension/lib/page-hook.ts:432-449  c97cffb00fa6  lines=18
  <- docs/privacy.md:77, docs/privacy.md:149, docs/privacy.md:240  :: const hookedFetch: typeof window.fetch = async (input, init…
apps/extension/lib/platform-auth.ts:34-44  5e4adeb00a65  lines=11
  <- docs/privacy.md:91  :: export function needsChatgptBearer(url: string, pageOrigin:…
apps/extension/lib/platform-auth.ts:74-93  f67f01d9e4a4  lines=20
  <- docs/privacy.md:91, docs/threat-model.md:174  :: export function createAuthorizedFetch(pageOrigin: string, r…
apps/extension/lib/popup-view.ts:610-623  00dceceff078  lines=14
  <- README.md:120, docs/install.md:110  :: /**
apps/extension/lib/ui-strings.ts:34-36  443dc6990477  lines=3
  <- docs/install.md:212  :: export function fixCommand(stage: string | null | undefined…
apps/extension/lib/ui-strings.ts:80-100  b83df381516c  lines=21
  <- docs/install.md:206  :: export function channelConnected(f: ChannelFacts): string {
apps/extension/lib/ui-strings.ts:89-100  c3203f7ef37c  lines=12
  <- docs/install.md:212  :: export function channelDisconnected(f: ChannelFacts): strin…
apps/extension/package.json:4  3aa57759f9e4  lines=1
  <- docs/install.md:519  :: "private": true,
apps/extension/package.json:10-11  399cf17b824a  lines=2
  <- docs/install.md:161  :: "build": "wxt build",
apps/extension/package.json:10-13  a1f981eadaba  lines=4
  <- docs/install.md:521  :: "build": "wxt build",
apps/extension/package.json:15  7da79dd35521  lines=1
  <- docs/install.md:166  :: "test": "vitest run",
apps/extension/wxt.config.ts:16  8973cb78d41e  lines=1
  <- docs/install.md:592  :: default_locale: 'en',
apps/extension/wxt.config.ts:27-31  86935f133e5a  lines=5
  <- docs/privacy.md:337  :: // 🔴 W2 removed 'downloads'. The extension no longer downlo…
apps/extension/wxt.config.ts:33-39  411bd7614c9a  lines=7
  <- docs/threat-model.md:468  :: // Why 'storage': the debt set, the backfill switch, the ba…
apps/extension/wxt.config.ts:35-39  6bc6a183b01f  lines=5
  <- docs/privacy.md:339  :: // live in browser.storage.local, and Chrome requires this …
apps/extension/wxt.config.ts:41-45  7507f52466ca  lines=5
  <- docs/privacy.md:332  :: // Why 'alarms' (C19): the backfill leg must have a heartbe…
apps/extension/wxt.config.ts:53-58  2d93d95ecca4  lines=6
  <- docs/privacy.md:333  :: // Why 'unlimitedStorage' (W2): the outbox is an IndexedDB …
apps/extension/wxt.config.ts:63  bdb2678d0ca3  lines=1
  <- docs/install.md:35, docs/install.md:199, docs/install.md:590, docs/privacy.md:139, docs/privacy.md:326, docs/privacy.md:356, docs/threat-model.md:60  :: permissions: ['unlimitedStorage', 'storage', 'alarms', 'nat…
apps/extension/wxt.config.ts:64-71  6ed6f7239019  lines=8
  <- docs/threat-model.md:261  :: // 🔴 ADR-014: this pins the Chrome extension ID to
apps/extension/wxt.config.ts:86  84787b717b3c  lines=1
  <- docs/privacy.md:158  :: data_collection_permissions: { required: ['none'] },
crates/chat-stasher/Cargo.toml:1-6  67c6d5782580  lines=6
  <- docs/install.md:132  :: [package]
crates/chat-stasher/Cargo.toml:3  608a3132dc6f  lines=1
  <- SECURITY.md:48  :: version = "0.2.0"
crates/chat-stasher/Cargo.toml:5  53a903362b38  lines=1
  <- README.md:123  :: description = "Append-only archive for every LLM conversati…
crates/chat-stasher/Cargo.toml:14-27  096bce56001a  lines=14
  <- docs/threat-model.md:433  :: [dependencies]
crates/chat-stasher/Cargo.toml:20-21  4a5b59a2acb8  lines=2
  <- docs/threat-model.md:60, docs/threat-model.md:78, docs/threat-model.md:435  :: rustic_core = { version = "=0.12.0" }
crates/chat-stasher/Cargo.toml:27  f6c7a40dd8b1  lines=1
  <- docs/threat-model.md:435  :: rusqlite = { version = "=0.32.1", features = ["bundled"] }
crates/chat-stasher/data/harness-registry-v1.json:28  d9bf419bfc8b  lines=1
  <- README.md:46, README.md:114  :: "notes": "Windows uses %USERPROFILE%, not %APPDATA%\\Claude…
crates/chat-stasher/data/harness-registry-v1.json:71-72  f94222ed89c0  lines=2
  <- README.md:121  :: "seal_policy": "no-rename",
crates/chat-stasher/data/harness-registry-v1.json:84-124  e6835a0b9d0c  lines=41
  <- README.md:47  :: "id": "gemini-cli",
crates/chat-stasher/data/harness-registry-v1.json:165-211  584dd1dcf1bf  lines=47
  <- README.md:113  :: "id": "cursor",
crates/chat-stasher/data/harness-registry-v1.json:362-397  6241552cd249  lines=36
  <- README.md:113  :: "notes": "project-level SQLite (data_directory defaults to …
crates/chat-stasher/src/config.rs:15  219b41f02316  lines=1
  <- docs/install.md:145  :: /// (`$XDG_CONFIG_HOME`, falling back to `~/.config`).
crates/chat-stasher/src/config.rs:95-100  0c4fcb3ab27a  lines=6
  <- docs/threat-model.md:60  :: pub harness_roots: BTreeMap<String, String>,
crates/chat-stasher/src/config.rs:96  cf52ab144fd4  lines=1
  <- docs/privacy.md:226  :: /// Local rustic repository that `push`/`read` operate on.
crates/chat-stasher/src/config.rs:146-162  ed3020d28acc  lines=17
  <- docs/threat-model.md:60, docs/threat-model.md:78  :: /// snapshot re-writes the tree of every touched session di…
crates/chat-stasher/src/config.rs:175-176  0d8761a6b3af  lines=2
  <- docs/install.md:304  :: /// Absolute path of the stage the browser-spawned host wri…
crates/chat-stasher/src/config.rs:491-502  96eee33c567e  lines=12
  <- docs/install.md:145  :: }
crates/chat-stasher/src/destinit.rs:57-72  9da3f5cced7a  lines=16
  <- docs/threat-model.md:353  :: //! Skipping the ones that are not there is worse, though, …
crates/chat-stasher/src/destinit.rs:104-118  4e3ae691d5bc  lines=15
  <- docs/threat-model.md:350  :: /// `false` — which this module then used as *evidence* tha…
crates/chat-stasher/src/destinit.rs:391-399  d2438d975abb  lines=9
  <- docs/threat-model.md:350  :: Ok(true) => continue,
crates/chat-stasher/src/doctor.rs:806-835  429cdcb2ccc4  lines=30
  <- docs/install.md:467  :: /// [`run()`] entry point fills it in; the field is an `Opt…
crates/chat-stasher/src/doctor.rs:873-911  79d40b5c0768  lines=39
  <- docs/install.md:467  :: }
crates/chat-stasher/src/inbox.rs:56-60  e1fcd19c1369  lines=5
  <- README.md:87  :: pub const PART_SUFFIX: &str = ".part";
crates/chat-stasher/src/inbox.rs:57-60  5dde96cb7b9a  lines=4
  <- docs/privacy.md:192, docs/privacy.md:383  :: /// Subdirectory of the inbox where consumed files are reti…
crates/chat-stasher/src/inbox.rs:59-60  c69ecbc73d8e  lines=2
  <- docs/install.md:234  :: /// Suffix of a multi-bundle export file (`nativehost-proto…
crates/chat-stasher/src/inbox.rs:66-68  3935abac04cb  lines=3
  <- docs/install.md:259, docs/threat-model.md:274  :: pub const STAGE_LOCK_FILE: &str = ".ingest.lock";
crates/chat-stasher/src/inbox.rs:853-881  81d263fdddc2  lines=29
  <- docs/install.md:259, docs/threat-model.md:274  :: /// Take the stage write lock, waiting at most [`STAGE_LOCK…
crates/chat-stasher/src/main.rs:34  51c934204980  lines=1
  <- README.md:3, docs/install.md:24  :: about = "Append-only archive for every LLM conversation, ac…
crates/chat-stasher/src/main.rs:44-827  54d45ecba3f8  lines=784
  <- README.md:74, docs/install.md:481, docs/privacy.md:387, docs/threat-model.md:394  :: #[derive(Subcommand)]
crates/chat-stasher/src/main.rs:45-46  82ade6217eb6  lines=2
  <- README.md:76  :: enum Command {
crates/chat-stasher/src/main.rs:46-47  6f7da3119197  lines=2
  <- docs/install.md:143  :: /// Write a commented default config if none exists (non-de…
crates/chat-stasher/src/main.rs:48-85  957f12533bab  lines=38
  <- README.md:77, README.md:107, docs/install.md:397, docs/install.md:560  :: /// Collect one pass, push only when configured and changed…
crates/chat-stasher/src/main.rs:86-145  ac854a325e23  lines=60
  <- README.md:78, docs/install.md:394, docs/threat-model.md:84  :: /// Render a launchd plist or systemd user service/timer; n…
crates/chat-stasher/src/main.rs:86  b2a969a3e60c  lines=1
  <- docs/install.md:393, docs/install.md:535  :: /// Render a launchd plist or systemd user service/timer; n…
crates/chat-stasher/src/main.rs:146-183  8a0a2a9dbeae  lines=38
  <- README.md:79, README.md:103, README.md:107, docs/privacy.md:113, docs/threat-model.md:47  :: /// Move a batch of sealed session shards into the rustic r…
crates/chat-stasher/src/main.rs:146-150  70026e4d2709  lines=5
  <- docs/threat-model.md:128  :: /// Move a batch of sealed session shards into the rustic r…
crates/chat-stasher/src/main.rs:163-168  2d17b15aa651  lines=6
  <- docs/install.md:287  :: /// Repository path override (default: config `rustic_repo`…
crates/chat-stasher/src/main.rs:183-221  263f0bf2d61c  lines=39
  <- README.md:80, README.md:93  :: },
crates/chat-stasher/src/main.rs:184-185  fa1f96832d55  lines=2
  <- docs/threat-model.md:318  :: /// Is the scheduled archive actually working? Plus what th…
crates/chat-stasher/src/main.rs:206-208  9592a2937e4b  lines=3
  <- docs/install.md:441  :: /// `--sessions` adds the per-session metadata table on top…
crates/chat-stasher/src/main.rs:222-224  5bc93bb0a4fc  lines=3
  <- README.md:105  :: },
crates/chat-stasher/src/main.rs:223-267  108a29b160b7  lines=45
  <- README.md:81, README.md:103, docs/install.md:483  :: /// Dump one session back from the repository (sequence-con…
crates/chat-stasher/src/main.rs:223-225  d6a7594728aa  lines=3
  <- README.md:152, docs/threat-model.md:397  :: /// Dump one session back from the repository (sequence-con…
crates/chat-stasher/src/main.rs:251-256  7de330febae7  lines=6
  <- docs/install.md:287  :: destination: Option<String>,
crates/chat-stasher/src/main.rs:267-278  d45eb0e6e9ac  lines=12
  <- README.md:82  :: },
crates/chat-stasher/src/main.rs:267-268  aa3520652b36  lines=2
  <- README.md:100, docs/threat-model.md:318  :: },
crates/chat-stasher/src/main.rs:268-269  73cf6412a398  lines=2
  <- README.md:50, README.md:68  :: /// Diagnostic: does any harness on this machine silently d…
crates/chat-stasher/src/main.rs:268-279  b3639ab631d6  lines=12
  <- docs/install.md:460  :: /// Diagnostic: does any harness on this machine silently d…
crates/chat-stasher/src/main.rs:280-318  4d73dbd30b3b  lines=39
  <- README.md:83, README.md:103, docs/threat-model.md:487  :: /// Prove the archive is intact. Three independently runnab…
crates/chat-stasher/src/main.rs:302-307  7de330febae7  lines=6
  <- docs/install.md:287  :: destination: Option<String>,
crates/chat-stasher/src/main.rs:319-369  765f80b3aba3  lines=51
  <- README.md:84  :: /// Initialise a new destination as a *full extra copy* (AD…
crates/chat-stasher/src/main.rs:370-420  04b0070f808f  lines=51
  <- README.md:85  :: /// Search one destination's archive by session metadata.
crates/chat-stasher/src/main.rs:370-385  eb5497418e8b  lines=16
  <- docs/threat-model.md:405  :: /// Search one destination's archive by session metadata.
crates/chat-stasher/src/main.rs:382-385  fac59c3a89ee  lines=4
  <- docs/threat-model.md:408  :: /// Exit codes distinguish the three answers, because two o…
crates/chat-stasher/src/main.rs:421-476  453f8c52ff3d  lines=56
  <- README.md:86  :: /// Open an ephemeral local web view of one destination's s…
crates/chat-stasher/src/main.rs:476-498  f03b724b2101  lines=23
  <- README.md:87, README.md:101, README.md:105, README.md:115  :: },
crates/chat-stasher/src/main.rs:484-534  4273707c50b1  lines=51
  <- docs/threat-model.md:44  :: Ingest {
crates/chat-stasher/src/main.rs:499-534  87944c7ec189  lines=36
  <- README.md:88  :: },
crates/chat-stasher/src/main.rs:502  cf775be2a229  lines=1
  <- docs/install.md:26  :: /// Harness sources are opened read-only. File-backed JSONL…
crates/chat-stasher/src/main.rs:535-567  5035d443e4a5  lines=33
  <- README.md:89, README.md:102, README.md:121  :: },
crates/chat-stasher/src/main.rs:536-568  42a71db27ac9  lines=33
  <- docs/threat-model.md:323  :: /// Seal one file already inside our stage into the next se…
crates/chat-stasher/src/main.rs:615-637  f05337c1507c  lines=23
  <- docs/install.md:190  :: /// Register this executable as the browsers' Native Messag…
crates/chat-stasher/src/main.rs:638-680  00c9d6ccdc4b  lines=43
  <- README.md:90, docs/install.md:41  :: InstallNativeHost {
crates/chat-stasher/src/main.rs:681-702  ebb71dce29b8  lines=22
  <- README.md:91  :: /// The Native Messaging host process itself.
crates/chat-stasher/src/main.rs:1565-1575  f75271c35217  lines=11
  <- README.md:91  :: fn cmd_native_host(self_test: bool) -> ExitCode {
crates/chat-stasher/src/main.rs:2737-2750  6e297c93e74c  lines=14
  <- docs/install.md:315  :: Err(e) => {
crates/chat-stasher/src/main.rs:2740-2748  7606cd68232e  lines=9
  <- docs/install.md:354  :: }
crates/chat-stasher/src/main.rs:2752-2761  a14261353a59  lines=10
  <- docs/install.md:351  :: a sealed shard. They were NOT retired, so they are still in…
crates/chat-stasher/src/main.rs:2773-2797  6d97af905715  lines=25
  <- docs/install.md:319  :: /// persisted key, an unreachable backend — returns `Err`, …
crates/chat-stasher/src/main.rs:2933-2989  d1e3f53d40dc  lines=57
  <- docs/threat-model.md:354  :: let mut sources = Vec::new();
crates/chat-stasher/src/main.rs:4196-4203  f369ca3fd940  lines=8
  <- docs/threat-model.md:343  :: Ok(mut options) => {
crates/chat-stasher/src/main.rs:4224-4317  6a9b80831596  lines=94
  <- docs/threat-model.md:341  :: eprintln!("option: {e}");
crates/chat-stasher/src/main.rs:4294-4325  4920236fc60d  lines=32
  <- README.md:105, README.md:152, docs/threat-model.md:397  :: }
crates/chat-stasher/src/main.rs:4307-4316  fae6f081f82c  lines=10
  <- SECURITY.md:67  :: keep_ssh_masters: bool,
crates/chat-stasher/src/main.rs:5594-5595  a70af44131aa  lines=2
  <- docs/install.md:416  :: "a stale index must be replaced, not kept: {content}"
crates/chat-stasher/src/main.rs:5662-5669  e726e719a9a4  lines=8
  <- docs/install.md:445  :: Err(ActivityIndexError::Write(message)) => {
crates/chat-stasher/src/main.rs:5804-5814  962afa583ed8  lines=11
  <- docs/install.md:432  :: )
crates/chat-stasher/src/main.rs:5813-5814  52b8c92908b4  lines=2
  <- docs/install.md:411  :: if let Ok(report) = &scan {
crates/chat-stasher/src/main.rs:5918-5945  37bbae2ee352  lines=28
  <- README.md:99, README.md:105  :: /// What the exit code means, in words — the piece a 20-lin…
crates/chat-stasher/src/nativehost.rs:64-77  b160255bd493  lines=14
  <- docs/privacy.md:330, docs/threat-model.md:260  :: pub const HOST_NAME: &str = "com.chat_stasher.host";
crates/chat-stasher/src/nativehost.rs:200-289  aea86e97320b  lines=90
  <- docs/install.md:591  :: pub fn default_root(platform: Platform, home: &Path) -> Pat…
crates/chat-stasher/src/nativehost.rs:301-345  c611ef069f1c  lines=45
  <- docs/privacy.md:330, docs/threat-model.md:260  :: pub fn render_manifest(
crates/chat-stasher/src/nativehost.rs:875-935  166a51c20b01  lines=61
  <- docs/install.md:262, docs/threat-model.md:270  :: fn resolve_target() -> HostTarget {
crates/chat-stasher/src/nativehost.rs:923-934  c1d3ca75f622  lines=12
  <- docs/install.md:185, docs/install.md:250  :: // Read-only: existence and kind are both checked, and neit…
crates/chat-stasher/src/nativehost.rs:940-969  0317baf37da8  lines=30
  <- docs/install.md:275, docs/threat-model.md:270  :: /// Unlike every CLI command, the host never *creates* the …
crates/chat-stasher/src/nativehost.rs:1066-1075  74f364fec566  lines=10
  <- docs/threat-model.md:281  :: // Recomputed over the UTF-8 bytes of the *decoded* payload…
crates/chat-stasher/src/nativehost.rs:1082-1088  a444120e69ed  lines=7
  <- docs/threat-model.md:285  :: // `invalid-bundle` is the answer for a payload this channe…
crates/chat-stasher/src/nativehost.rs:1090-1117  4ceba3a8d636  lines=28
  <- docs/privacy.md:105, docs/threat-model.md:39  :: match inbox::seal_payload(
crates/chat-stasher/src/nativehost.rs:1113-1117  4520d3869c60  lines=5
  <- docs/install.md:265  :: Err(inbox::SealError::Lock(e)) => {
crates/chat-stasher/src/nativehost.rs:1150-1184  6e78c5dd7bec  lines=35
  <- docs/privacy.md:330, docs/threat-model.md:265  :: pub fn detect_launch(argv: &[std::ffi::OsString]) -> Launch…
crates/chat-stasher/src/reap.rs:1-12  f3c5250f1f63  lines=12
  <- docs/threat-model.md:78, docs/threat-model.md:298  :: //! Connection reaping for remote SSH backends.
crates/chat-stasher/src/remote_err.rs:101-112  8dc19707e181  lines=12
  <- docs/install.md:362  :: // 🔴 Host key changed MUST be checked before HostUntrusted,…
crates/chat-stasher/src/remote_err.rs:180-187  b026cffbce09  lines=8
  <- docs/install.md:323  :: RemoteErrorKind::HostUntrusted => vec![
crates/chat-stasher/src/remote_err.rs:454-483  59ae8290fc6f  lines=30
  <- docs/install.md:323  :: fn print_first_connection_guidance(cfg: &StoreConfig, prefi…
crates/chat-stasher/src/remote_err.rs:503-536  c531f63130e8  lines=34
  <- docs/install.md:352  :: pub fn trust_host(cfg: &StoreConfig, known_hosts: &Path) ->…
crates/chat-stasher/src/runstate.rs:1-11  b6e42ac08f3e  lines=11
  <- docs/install.md:569  :: //! Timer-visibility state: what happened on the last `run-…
crates/chat-stasher/src/runstate.rs:184-232  036d69fcbd03  lines=49
  <- docs/install.md:417  :: /// false → `status` must exit non-zero.
crates/chat-stasher/src/runstate.rs:186-192  525f5b894e82  lines=7
  <- docs/install.md:572  :: }
crates/chat-stasher/src/sqlite_probe.rs:23-29  fa32ad6c5dbc  lines=7
  <- SECURITY.md:64, docs/threat-model.md:315  :: //! Read-only guarantee: every connection opens with `mode=…
crates/chat-stasher/src/sqlite_probe.rs:1373-1376  b250c934a6e3  lines=4
  <- SECURITY.md:65, docs/threat-model.md:313  :: let flags = OpenFlags::SQLITE_OPEN_READ_ONLY | OpenFlags::S…
crates/chat-stasher/src/sqlite_probe.rs:2010-2056  79eecb3f0cca  lines=47
  <- docs/threat-model.md:316  :: fn wal_store_without_shm_probes_immutable_and_creates_no_si…
crates/chat-stasher/src/store.rs:2-3  1375b706fba2  lines=2
  <- docs/privacy.md:462  :: //! moved into an append-only rustic repository.
crates/chat-stasher/src/store.rs:153-156  f2781c197162  lines=4
  <- docs/install.md:303  :: /// Extra backend options (e.g. `endpoint`/`user`/`key`/`ro…
crates/chat-stasher/src/store.rs:261-296  20d7bcff83a4  lines=36
  <- docs/privacy.md:114, docs/privacy.md:228, docs/privacy.md:241, docs/privacy.md:369, docs/threat-model.md:78, docs/threat-model.md:148, docs/threat-model.md:298  :: }
crates/chat-stasher/src/store.rs:271-275  96ef1c8f0cdd  lines=5
  <- docs/install.md:303  :: if self.cfg.repo_root.starts_with("opendal:") || self.cfg.r…
crates/chat-stasher/src/store.rs:981-1066  c7eb64f1880d  lines=86
  <- docs/privacy.md:228, docs/threat-model.md:78  :: ) -> anyhow::Result<String> {
crates/chat-stasher/src/store.rs:1064-1068  7952a3b20482  lines=5
  <- README.md:150  :: let child = child?;
crates/chat-stasher/src/store.rs:1068-1072  1125fa847c00  lines=5
  <- docs/privacy.md:424  :: if let Some(seq) = parse_shard_seq(&child.file_name().to_st…
crates/chat-stasher/src/store.rs:1106-1113  a731864d4e57  lines=8
  <- README.md:150, docs/install.md:488, docs/privacy.md:424  :: /// Serialise a `MasterKey` (it is `serde.Deserialize`d fro…
crates/chat-stasher/src/store.rs:1106-1108  df67f1e3fcff  lines=3
  <- docs/install.md:292, docs/threat-model.md:383  :: /// Serialise a `MasterKey` (it is `serde.Deserialize`d fro…
crates/chat-stasher/src/store.rs:1148-1233  a4a763036aea  lines=86
  <- docs/privacy.md:427, docs/threat-model.md:121, docs/threat-model.md:377  :: /// Write the masterkey to `cfg.key_file`, owner-readable o…
crates/chat-stasher/src/store.rs:1206-1214  d4e647ebf586  lines=9
  <- docs/install.md:294  :: #[cfg(unix)]
crates/chat-stasher/src/store.rs:1235-1239  6e8994a07a1c  lines=5
  <- docs/threat-model.md:385  :: /// Load the masterkey from `cfg.key_file` (error when miss…
scripts/release-gate.sh:2-3  44aa3a8e0acf  lines=2
  <- README.md:123  :: #
scripts/release-gate.sh:3-21  d6f983c5d039  lines=19
  <- README.md:122  :: # release-gate.sh — one command that runs the whole chat-st…
